# This file is automatically @generated by Cargo.
# It is not intended for manual editing.
version = 3

[[package]]
name = "acpi_tables"
version = "0.1.0"
source = "git+https://github.com/rust-vmm/acpi_tables?branch=main#12bb6d7b252831527e630f8b3ef48877dbb11924"
dependencies = [
 "vm-memory",
]

[[package]]
name = "addr2line"
version = "0.19.0"
source = "registry+https://github.com/rust-lang/crates.io-index"
checksum = "a76fd60b23679b7d19bd066031410fb7e458ccc5e958eb5c325888ce4baedc97"
dependencies = [
 "gimli",
]

[[package]]
name = "adler"
version = "1.0.2"
source = "registry+https://github.com/rust-lang/crates.io-index"
checksum = "f26201604c87b1e01bd3d98f8d5d9a8fcbb815e8cedb41ffccbeb4bf593a35fe"

[[package]]
name = "aho-corasick"
version = "0.7.20"
source = "registry+https://github.com/rust-lang/crates.io-index"
checksum = "cc936419f96fa211c1b9166887b38e5e40b19958e5b895be7c1f93adec7071ac"
dependencies = [
 "memchr",
]

[[package]]
name = "ansi_term"
version = "0.12.1"
source = "registry+https://github.com/rust-lang/crates.io-index"
checksum = "d52a9bb7ec0cf484c551830a7ce27bd20d67eac647e1befb56b0be4ee39a55d2"
dependencies = [
 "winapi",
]

[[package]]
name = "anyhow"
version = "1.0.69"
source = "registry+https://github.com/rust-lang/crates.io-index"
checksum = "224afbd727c3d6e4b90103ece64b8d1b67fbb1973b1046c2281eed3f3803f800"

[[package]]
name = "api_client"
version = "0.1.0"
dependencies = [
 "vmm-sys-util",
]

[[package]]
name = "arc-swap"
version = "1.6.0"
source = "registry+https://github.com/rust-lang/crates.io-index"
checksum = "bddcadddf5e9015d310179a59bb28c4d4b9920ad0f11e8e14dbadf654890c9a6"

[[package]]
name = "arch"
version = "0.1.0"
dependencies = [
 "anyhow",
 "byteorder",
 "fdt",
 "hypervisor",
 "libc",
 "linux-loader",
 "log",
 "serde",
 "thiserror",
 "uuid",
 "versionize",
 "versionize_derive",
 "vm-fdt",
 "vm-memory",
 "vm-migration",
 "vmm-sys-util",
]

[[package]]
name = "argh"
version = "0.1.10"
source = "registry+https://github.com/rust-lang/crates.io-index"
checksum = "ab257697eb9496bf75526f0217b5ed64636a9cfafa78b8365c71bd283fcef93e"
dependencies = [
 "argh_derive",
 "argh_shared",
]

[[package]]
name = "argh_derive"
version = "0.1.10"
source = "registry+https://github.com/rust-lang/crates.io-index"
checksum = "b382dbd3288e053331f03399e1db106c9fb0d8562ad62cb04859ae926f324fa6"
dependencies = [
 "argh_shared",
 "proc-macro2",
 "quote",
 "syn",
]

[[package]]
name = "argh_shared"
version = "0.1.10"
source = "registry+https://github.com/rust-lang/crates.io-index"
checksum = "64cb94155d965e3d37ffbbe7cc5b82c3dd79dd33bd48e536f73d2cfb8d85506f"

[[package]]
name = "atty"
version = "0.2.14"
source = "registry+https://github.com/rust-lang/crates.io-index"
checksum = "d9b39be18770d11421cdb1b9947a45dd3f37e93092cbf377614828a319d5fee8"
dependencies = [
 "hermit-abi 0.1.19",
 "libc",
 "winapi",
]

[[package]]
name = "autocfg"
version = "1.1.0"
source = "registry+https://github.com/rust-lang/crates.io-index"
checksum = "d468802bab17cbc0cc575e9b053f41e72aa36bfa6b7f55e3529ffa43161b97fa"

[[package]]
name = "backtrace"
version = "0.3.67"
source = "registry+https://github.com/rust-lang/crates.io-index"
checksum = "233d376d6d185f2a3093e58f283f60f880315b6c60075b01f36b3b85154564ca"
dependencies = [
 "addr2line",
 "cc",
 "cfg-if",
 "libc",
 "miniz_oxide",
 "object",
 "rustc-demangle",
]

[[package]]
name = "bincode"
version = "1.3.3"
source = "registry+https://github.com/rust-lang/crates.io-index"
checksum = "b1f45e9417d87227c7a56d22e471c6206462cba514c7590c09aff4cf6d1ddcad"
dependencies = [
 "serde",
]

[[package]]
name = "bitflags"
version = "1.3.2"
source = "registry+https://github.com/rust-lang/crates.io-index"
checksum = "bef38d45163c2f1dde094a7dfd33ccf595c92905c8f8f4fdc18d06fb1037718a"

[[package]]
name = "block_util"
version = "0.1.0"
dependencies = [
 "io-uring",
 "libc",
 "log",
 "qcow",
 "smallvec",
 "thiserror",
 "versionize",
 "versionize_derive",
 "vhdx",
 "virtio-bindings 0.2.0",
 "virtio-queue",
 "vm-memory",
 "vm-virtio",
 "vmm-sys-util",
]

[[package]]
name = "byteorder"
version = "1.4.3"
source = "registry+https://github.com/rust-lang/crates.io-index"
checksum = "14c189c53d098945499cdfa7ecc63567cf3886b3332b312a5b4585d8d3a6a610"

[[package]]
name = "capng"
version = "0.2.2"
source = "registry+https://github.com/rust-lang/crates.io-index"
checksum = "f6f8e9448233603643e42606121d95f5f8d4e015b3e7619a51593864dd902575"
dependencies = [
 "bitflags",
 "libc",
]

[[package]]
name = "cc"
version = "1.0.79"
source = "registry+https://github.com/rust-lang/crates.io-index"
checksum = "50d30906286121d95be3d479533b458f87493b30a4b5f79a607db8f5d11aa91f"

[[package]]
name = "cfg-if"
version = "1.0.0"
source = "registry+https://github.com/rust-lang/crates.io-index"
checksum = "baf1de4339761588bc0619e3cbc0120ee582ebb74b53b4efbf79117bd2da40fd"

[[package]]
name = "clap"
version = "2.34.0"
source = "registry+https://github.com/rust-lang/crates.io-index"
checksum = "a0610544180c38b88101fecf2dd634b174a62eef6946f84dfc6a7127512b381c"
dependencies = [
 "ansi_term",
 "atty",
 "bitflags",
 "strsim 0.8.0",
 "textwrap",
 "unicode-width",
 "vec_map",
]

[[package]]
name = "cloud-hypervisor"
version = "30.0.0"
dependencies = [
 "anyhow",
 "api_client",
 "argh",
 "dhat",
 "dirs",
 "epoll",
 "event_monitor",
 "hypervisor",
 "libc",
 "log",
 "net_util",
 "once_cell",
 "option_parser",
 "seccompiler",
 "serde_json",
 "signal-hook",
 "test_infra",
 "thiserror",
 "tpm",
 "tracer",
 "vm-memory",
 "vmm",
 "vmm-sys-util",
 "wait-timeout",
]

[[package]]
name = "crc32c"
version = "0.6.3"
source = "registry+https://github.com/rust-lang/crates.io-index"
checksum = "3dfea2db42e9927a3845fb268a10a72faed6d416065f77873f05e411457c363e"
dependencies = [
 "rustc_version",
]

[[package]]
name = "crc64"
version = "1.0.0"
source = "registry+https://github.com/rust-lang/crates.io-index"
checksum = "55626594feae15d266d52440b26ff77de0e22230cf0c113abe619084c1ddc910"

[[package]]
name = "darling"
version = "0.14.3"
source = "registry+https://github.com/rust-lang/crates.io-index"
checksum = "c0808e1bd8671fb44a113a14e13497557533369847788fa2ae912b6ebfce9fa8"
dependencies = [
 "darling_core",
 "darling_macro",
]

[[package]]
name = "darling_core"
version = "0.14.3"
source = "registry+https://github.com/rust-lang/crates.io-index"
checksum = "001d80444f28e193f30c2f293455da62dcf9a6b29918a4253152ae2b1de592cb"
dependencies = [
 "fnv",
 "ident_case",
 "proc-macro2",
 "quote",
 "strsim 0.10.0",
 "syn",
]

[[package]]
name = "darling_macro"
version = "0.14.3"
source = "registry+https://github.com/rust-lang/crates.io-index"
checksum = "b36230598a2d5de7ec1c6f51f72d8a99a9208daff41de2084d06e3fd3ea56685"
dependencies = [
 "darling_core",
 "quote",
 "syn",
]

[[package]]
name = "devices"
version = "0.1.0"
dependencies = [
 "acpi_tables",
 "anyhow",
 "arch",
 "bitflags",
 "byteorder",
 "hypervisor",
 "libc",
 "log",
 "thiserror",
 "tpm",
 "versionize",
 "versionize_derive",
 "vm-device",
 "vm-memory",
 "vm-migration",
 "vmm-sys-util",
]

[[package]]
name = "dhat"
version = "0.3.2"
source = "registry+https://github.com/rust-lang/crates.io-index"
checksum = "4f2aaf837aaf456f6706cb46386ba8dffd4013a757e36f4ea05c20dd46b209a3"
dependencies = [
 "backtrace",
 "lazy_static",
 "mintex",
 "parking_lot 0.12.1",
 "rustc-hash",
 "serde",
 "serde_json",
 "thousands",
]

[[package]]
name = "dirs"
version = "4.0.0"
source = "registry+https://github.com/rust-lang/crates.io-index"
checksum = "ca3aa72a6f96ea37bbc5aa912f6788242832f75369bdfdadcb0e38423f100059"
dependencies = [
 "dirs-sys",
]

[[package]]
name = "dirs-sys"
version = "0.3.7"
source = "registry+https://github.com/rust-lang/crates.io-index"
checksum = "1b1d1d91c932ef41c0f2663aa8b0ca0342d444d842c06914aa0a7e352d0bada6"
dependencies = [
 "libc",
 "redox_users",
 "winapi",
]

[[package]]
name = "env_logger"
version = "0.10.0"
source = "registry+https://github.com/rust-lang/crates.io-index"
checksum = "85cdab6a89accf66733ad5a1693a4dcced6aeff64602b634530dd73c1f3ee9f0"
dependencies = [
 "humantime",
 "is-terminal",
 "log",
 "regex",
 "termcolor",
]

[[package]]
name = "epoll"
version = "4.3.1"
source = "registry+https://github.com/rust-lang/crates.io-index"
checksum = "20df693c700404f7e19d4d6fae6b15215d2913c27955d2b9d6f2c0f537511cd0"
dependencies = [
 "bitflags",
 "libc",
]

[[package]]
name = "errno"
version = "0.2.8"
source = "registry+https://github.com/rust-lang/crates.io-index"
checksum = "f639046355ee4f37944e44f60642c6f3a7efa3cf6b78c78a0d989a8ce6c396a1"
dependencies = [
 "errno-dragonfly",
 "libc",
 "winapi",
]

[[package]]
name = "errno-dragonfly"
version = "0.1.2"
source = "registry+https://github.com/rust-lang/crates.io-index"
checksum = "aa68f1b12764fab894d2755d2518754e71b4fd80ecfb822714a1206c2aab39bf"
dependencies = [
 "cc",
 "libc",
]

[[package]]
name = "error-chain"
version = "0.12.4"
source = "registry+https://github.com/rust-lang/crates.io-index"
checksum = "2d2f06b9cac1506ece98fe3231e3cc9c4410ec3d5b1f24ae1c8946f0742cdefc"
dependencies = [
 "version_check",
]

[[package]]
name = "event_monitor"
version = "0.1.0"
dependencies = [
 "libc",
 "serde",
 "serde_json",
]

[[package]]
name = "fdt"
version = "0.1.5"
source = "registry+https://github.com/rust-lang/crates.io-index"
checksum = "784a4df722dc6267a04af36895398f59d21d07dce47232adf31ec0ff2fa45e67"

[[package]]
name = "fnv"
version = "1.0.7"
source = "registry+https://github.com/rust-lang/crates.io-index"
checksum = "3f9eec918d3f24069decb9af1554cad7c880e2da24a9afd88aca000531ab82c1"

[[package]]
name = "futures"
version = "0.3.26"
source = "registry+https://github.com/rust-lang/crates.io-index"
checksum = "13e2792b0ff0340399d58445b88fd9770e3489eff258a4cbc1523418f12abf84"
dependencies = [
 "futures-channel",
 "futures-core",
 "futures-executor",
 "futures-io",
 "futures-sink",
 "futures-task",
 "futures-util",
]

[[package]]
name = "futures-channel"
version = "0.3.26"
source = "registry+https://github.com/rust-lang/crates.io-index"
checksum = "2e5317663a9089767a1ec00a487df42e0ca174b61b4483213ac24448e4664df5"
dependencies = [
 "futures-core",
 "futures-sink",
]

[[package]]
name = "futures-core"
version = "0.3.26"
source = "registry+https://github.com/rust-lang/crates.io-index"
checksum = "ec90ff4d0fe1f57d600049061dc6bb68ed03c7d2fbd697274c41805dcb3f8608"

[[package]]
name = "futures-executor"
version = "0.3.26"
source = "registry+https://github.com/rust-lang/crates.io-index"
checksum = "e8de0a35a6ab97ec8869e32a2473f4b1324459e14c29275d14b10cb1fd19b50e"
dependencies = [
 "futures-core",
 "futures-task",
 "futures-util",
 "num_cpus",
]

[[package]]
name = "futures-io"
version = "0.3.26"
source = "registry+https://github.com/rust-lang/crates.io-index"
checksum = "bfb8371b6fb2aeb2d280374607aeabfc99d95c72edfe51692e42d3d7f0d08531"

[[package]]
name = "futures-macro"
version = "0.3.26"
source = "registry+https://github.com/rust-lang/crates.io-index"
checksum = "95a73af87da33b5acf53acfebdc339fe592ecf5357ac7c0a7734ab9d8c876a70"
dependencies = [
 "proc-macro2",
 "quote",
 "syn",
]

[[package]]
name = "futures-sink"
version = "0.3.26"
source = "registry+https://github.com/rust-lang/crates.io-index"
checksum = "f310820bb3e8cfd46c80db4d7fb8353e15dfff853a127158425f31e0be6c8364"

[[package]]
name = "futures-task"
version = "0.3.26"
source = "registry+https://github.com/rust-lang/crates.io-index"
checksum = "dcf79a1bf610b10f42aea489289c5a2c478a786509693b80cd39c44ccd936366"

[[package]]
name = "futures-util"
version = "0.3.26"
source = "registry+https://github.com/rust-lang/crates.io-index"
checksum = "9c1d6de3acfef38d2be4b1f543f553131788603495be83da675e180c8d6b7bd1"
dependencies = [
 "futures-channel",
 "futures-core",
 "futures-io",
 "futures-macro",
 "futures-sink",
 "futures-task",
 "memchr",
 "pin-project-lite",
 "pin-utils",
 "slab",
]

[[package]]
name = "gdbstub"
version = "0.6.3"
source = "registry+https://github.com/rust-lang/crates.io-index"
checksum = "32c95766e0414f8bfc1d07055574c621b67739466d6ba516c4fef8e99d30d2e6"
dependencies = [
 "bitflags",
 "cfg-if",
 "log",
 "managed",
 "num-traits",
 "paste",
]

[[package]]
name = "gdbstub_arch"
version = "0.2.4"
source = "registry+https://github.com/rust-lang/crates.io-index"
checksum = "eecb536c55c43593a00dde9074dbbdb0e81ce5f20dbca921400f8779c21dea9c"
dependencies = [
 "gdbstub",
 "num-traits",
]

[[package]]
name = "getrandom"
version = "0.2.8"
source = "registry+https://github.com/rust-lang/crates.io-index"
checksum = "c05aeb6a22b8f62540c194aac980f2115af067bfe15a0734d7277a768d396b31"
dependencies = [
 "cfg-if",
 "libc",
 "wasi",
]

[[package]]
name = "gimli"
version = "0.27.2"
source = "registry+https://github.com/rust-lang/crates.io-index"
checksum = "ad0a93d233ebf96623465aad4046a8d3aa4da22d4f4beba5388838c8a434bbb4"

[[package]]
name = "glob"
version = "0.3.1"
source = "registry+https://github.com/rust-lang/crates.io-index"
checksum = "d2fabcfbdc87f4758337ca535fb41a6d701b65693ce38287d856d1674551ec9b"

[[package]]
name = "heck"
version = "0.3.3"
source = "registry+https://github.com/rust-lang/crates.io-index"
checksum = "6d621efb26863f0e9924c6ac577e8275e5e6b77455db64ffa6c65c904e9e132c"
dependencies = [
 "unicode-segmentation",
]

[[package]]
name = "hermit-abi"
version = "0.1.19"
source = "registry+https://github.com/rust-lang/crates.io-index"
checksum = "62b467343b94ba476dcb2500d242dadbb39557df889310ac77c5d99100aaac33"
dependencies = [
 "libc",
]

[[package]]
name = "hermit-abi"
version = "0.2.6"
source = "registry+https://github.com/rust-lang/crates.io-index"
checksum = "ee512640fe35acbfb4bb779db6f0d80704c2cacfa2e39b601ef3e3f47d1ae4c7"
dependencies = [
 "libc",
]

[[package]]
name = "hermit-abi"
version = "0.3.1"
source = "registry+https://github.com/rust-lang/crates.io-index"
checksum = "fed44880c466736ef9a5c5b5facefb5ed0785676d0c02d612db14e54f0d84286"

[[package]]
name = "hostname"
version = "0.3.1"
source = "registry+https://github.com/rust-lang/crates.io-index"
checksum = "3c731c3e10504cc8ed35cfe2f1db4c9274c3d35fa486e3b31df46f068ef3e867"
dependencies = [
 "libc",
 "match_cfg",
 "winapi",
]

[[package]]
name = "humantime"
version = "2.1.0"
source = "registry+https://github.com/rust-lang/crates.io-index"
checksum = "9a3a5bfb195931eeb336b2a7b4d761daec841b97f947d34394601737a7bba5e4"

[[package]]
name = "hypervisor"
version = "0.1.0"
dependencies = [
 "anyhow",
 "byteorder",
 "env_logger",
 "iced-x86",
 "kvm-bindings",
 "kvm-ioctls",
 "libc",
 "log",
 "mshv-bindings",
 "mshv-ioctls",
 "serde",
 "serde_with",
 "thiserror",
 "vfio-ioctls",
 "vm-memory",
 "vmm-sys-util",
]

[[package]]
name = "iced-x86"
version = "1.18.0"
source = "registry+https://github.com/rust-lang/crates.io-index"
checksum = "1dd04b950d75b3498320253b17fb92745b2cc79ead8814aede2f7c1bab858bec"
dependencies = [
 "lazy_static",
]

[[package]]
name = "ident_case"
version = "1.0.1"
source = "registry+https://github.com/rust-lang/crates.io-index"
checksum = "b9e0384b61958566e926dc50660321d12159025e767c18e043daf26b70104c39"

[[package]]
name = "instant"
version = "0.1.12"
source = "registry+https://github.com/rust-lang/crates.io-index"
checksum = "7a5bbe824c507c5da5956355e86a746d82e0e1464f65d862cc5e71da70e94b2c"
dependencies = [
 "cfg-if",
]

[[package]]
name = "io-lifetimes"
version = "1.0.5"
source = "registry+https://github.com/rust-lang/crates.io-index"
checksum = "1abeb7a0dd0f8181267ff8adc397075586500b81b28a73e8a0208b00fc170fb3"
dependencies = [
 "libc",
 "windows-sys",
]

[[package]]
name = "io-uring"
version = "0.5.13"
source = "registry+https://github.com/rust-lang/crates.io-index"
checksum = "dd1e1a01cfb924fd8c5c43b6827965db394f5a3a16c599ce03452266e1cf984c"
dependencies = [
 "bitflags",
 "libc",
]

[[package]]
name = "ipnetwork"
version = "0.20.0"
source = "registry+https://github.com/rust-lang/crates.io-index"
checksum = "bf466541e9d546596ee94f9f69590f89473455f88372423e0008fc1a7daf100e"
dependencies = [
 "serde",
]

[[package]]
name = "is-terminal"
version = "0.4.4"
source = "registry+https://github.com/rust-lang/crates.io-index"
checksum = "21b6b32576413a8e69b90e952e4a026476040d81017b80445deda5f2d3921857"
dependencies = [
 "hermit-abi 0.3.1",
 "io-lifetimes",
 "rustix",
 "windows-sys",
]

[[package]]
name = "itoa"
version = "1.0.5"
source = "registry+https://github.com/rust-lang/crates.io-index"
checksum = "fad582f4b9e86b6caa621cabeb0963332d92eea04729ab12892c2533951e6440"

[[package]]
name = "kvm-bindings"
version = "0.6.0"
source = "git+https://github.com/cloud-hypervisor/kvm-bindings?branch=ch-v0.6.0-tdx#7d9ffb47e5b9b1989577258800a0f57c93f1445f"
dependencies = [
 "serde",
 "serde_derive",
 "vmm-sys-util",
]

[[package]]
name = "kvm-ioctls"
version = "0.13.0"
source = "registry+https://github.com/rust-lang/crates.io-index"
checksum = "b8f8dc9c1896e5f144ec5d07169bc29f39a047686d29585a91f30489abfaeb6b"
dependencies = [
 "kvm-bindings",
 "libc",
 "vmm-sys-util",
]

[[package]]
name = "lazy_static"
version = "1.4.0"
source = "registry+https://github.com/rust-lang/crates.io-index"
checksum = "e2abad23fbc42b3700f2f279844dc832adb2b2eb069b2df918f455c4e18cc646"

[[package]]
name = "libc"
version = "0.2.139"
source = "registry+https://github.com/rust-lang/crates.io-index"
checksum = "201de327520df007757c1f0adce6e827fe8562fbc28bfd9c15571c66ca1f5f79"

[[package]]
name = "libseccomp-sys"
version = "0.2.1"
source = "registry+https://github.com/rust-lang/crates.io-index"
checksum = "9a7cbbd4ad467251987c6e5b47d53b11a5a05add08f2447a9e2d70aef1e0d138"

[[package]]
name = "libssh2-sys"
version = "0.3.0"
source = "registry+https://github.com/rust-lang/crates.io-index"
checksum = "2dc8a030b787e2119a731f1951d6a773e2280c660f8ec4b0f5e1505a386e71ee"
dependencies = [
 "cc",
 "libc",
 "libz-sys",
 "openssl-sys",
 "pkg-config",
 "vcpkg",
]

[[package]]
name = "libz-sys"
version = "1.1.8"
source = "registry+https://github.com/rust-lang/crates.io-index"
checksum = "9702761c3935f8cc2f101793272e202c72b99da8f4224a19ddcf1279a6450bbf"
dependencies = [
 "cc",
 "libc",
 "pkg-config",
 "vcpkg",
]

[[package]]
name = "linux-loader"
version = "0.8.1"
source = "registry+https://github.com/rust-lang/crates.io-index"
checksum = "b9259ddbfbb52cc918f6bbc60390004ddd0228cf1d85f402009ff2b3d95de83f"
dependencies = [
 "vm-memory",
]

[[package]]
name = "linux-raw-sys"
version = "0.1.4"
source = "registry+https://github.com/rust-lang/crates.io-index"
checksum = "f051f77a7c8e6957c0696eac88f26b0117e54f52d3fc682ab19397a8812846a4"

[[package]]
name = "lock_api"
version = "0.4.9"
source = "registry+https://github.com/rust-lang/crates.io-index"
checksum = "435011366fe56583b16cf956f9df0095b405b82d76425bc8981c0e22e60ec4df"
dependencies = [
 "autocfg",
 "scopeguard",
]

[[package]]
name = "log"
version = "0.4.17"
source = "registry+https://github.com/rust-lang/crates.io-index"
checksum = "abb12e687cfb44aa40f41fc3978ef76448f9b6038cad6aef4259d3c095a2382e"
dependencies = [
 "cfg-if",
]

[[package]]
name = "managed"
version = "0.8.0"
source = "registry+https://github.com/rust-lang/crates.io-index"
checksum = "0ca88d725a0a943b096803bd34e73a4437208b6077654cc4ecb2947a5f91618d"

[[package]]
name = "match_cfg"
version = "0.1.0"
source = "registry+https://github.com/rust-lang/crates.io-index"
checksum = "ffbee8634e0d45d258acb448e7eaab3fce7a0a467395d4d9f228e3c1f01fb2e4"

[[package]]
name = "memchr"
version = "2.5.0"
source = "registry+https://github.com/rust-lang/crates.io-index"
checksum = "2dffe52ecf27772e601905b7522cb4ef790d2cc203488bbd0e2fe85fcb74566d"

[[package]]
name = "micro_http"
version = "0.1.0"
source = "git+https://github.com/firecracker-microvm/micro-http?branch=main#b538bf89e50be83b6fa9ab1896727ff61e02fa13"
dependencies = [
 "libc",
 "vmm-sys-util",
]

[[package]]
name = "miniz_oxide"
version = "0.6.2"
source = "registry+https://github.com/rust-lang/crates.io-index"
checksum = "b275950c28b37e794e8c55d88aeb5e139d0ce23fdbbeda68f8d7174abdf9e8fa"
dependencies = [
 "adler",
]

[[package]]
name = "mintex"
version = "0.1.2"
source = "registry+https://github.com/rust-lang/crates.io-index"
checksum = "fd7c5ba1c3b5a23418d7bbf98c71c3d4946a0125002129231da8d6b723d559cb"
dependencies = [
 "once_cell",
 "sys-info",
]

[[package]]
name = "mshv-bindings"
version = "0.1.1"
source = "git+https://github.com/rust-vmm/mshv?branch=main#66531ba242be0b744ee2e4cd602ab0000377bdf7"
dependencies = [
 "libc",
 "serde",
 "serde_derive",
 "vmm-sys-util",
 "zerocopy",
]

[[package]]
name = "mshv-ioctls"
version = "0.1.1"
source = "git+https://github.com/rust-vmm/mshv?branch=main#66531ba242be0b744ee2e4cd602ab0000377bdf7"
dependencies = [
 "libc",
 "mshv-bindings",
 "vmm-sys-util",
]

[[package]]
name = "net_gen"
version = "0.1.0"
dependencies = [
 "vmm-sys-util",
]

[[package]]
name = "net_util"
version = "0.1.0"
dependencies = [
 "epoll",
 "getrandom",
 "libc",
 "log",
 "net_gen",
 "once_cell",
 "pnet",
 "pnet_datalink",
 "rate_limiter",
 "serde",
 "serde_json",
 "thiserror",
 "versionize",
 "versionize_derive",
 "virtio-bindings 0.2.0",
 "virtio-queue",
 "vm-memory",
 "vm-virtio",
 "vmm-sys-util",
]

[[package]]
name = "no-std-net"
version = "0.6.0"
source = "registry+https://github.com/rust-lang/crates.io-index"
checksum = "43794a0ace135be66a25d3ae77d41b91615fb68ae937f904090203e81f755b65"

[[package]]
name = "num-traits"
version = "0.2.15"
source = "registry+https://github.com/rust-lang/crates.io-index"
checksum = "578ede34cf02f8924ab9447f50c28075b4d3e5b269972345e7e0372b38c6cdcd"
dependencies = [
 "autocfg",
]

[[package]]
name = "num_cpus"
version = "1.15.0"
source = "registry+https://github.com/rust-lang/crates.io-index"
checksum = "0fac9e2da13b5eb447a6ce3d392f23a29d8694bff781bf03a16cd9ac8697593b"
dependencies = [
 "hermit-abi 0.2.6",
 "libc",
]

[[package]]
name = "num_threads"
version = "0.1.6"
source = "registry+https://github.com/rust-lang/crates.io-index"
checksum = "2819ce041d2ee131036f4fc9d6ae7ae125a3a40e97ba64d04fe799ad9dabbb44"
dependencies = [
 "libc",
]

[[package]]
name = "object"
version = "0.30.3"
source = "registry+https://github.com/rust-lang/crates.io-index"
checksum = "ea86265d3d3dcb6a27fc51bd29a4bf387fae9d2986b823079d4986af253eb439"
dependencies = [
 "memchr",
]

[[package]]
name = "once_cell"
version = "1.17.1"
source = "registry+https://github.com/rust-lang/crates.io-index"
checksum = "b7e5500299e16ebb147ae15a00a942af264cf3688f47923b8fc2cd5858f23ad3"

[[package]]
name = "openssl-src"
version = "111.25.0+1.1.1t"
source = "registry+https://github.com/rust-lang/crates.io-index"
checksum = "3173cd3626c43e3854b1b727422a276e568d9ec5fe8cec197822cf52cfb743d6"
dependencies = [
 "cc",
]

[[package]]
name = "openssl-sys"
version = "0.9.80"
source = "registry+https://github.com/rust-lang/crates.io-index"
checksum = "23bbbf7854cd45b83958ebe919f0e8e516793727652e27fda10a8384cfc790b7"
dependencies = [
 "autocfg",
 "cc",
 "libc",
 "openssl-src",
 "pkg-config",
 "vcpkg",
]

[[package]]
name = "option_parser"
version = "0.1.0"

[[package]]
name = "parking_lot"
version = "0.11.2"
source = "registry+https://github.com/rust-lang/crates.io-index"
checksum = "7d17b78036a60663b797adeaee46f5c9dfebb86948d1255007a1d6be0271ff99"
dependencies = [
 "instant",
 "lock_api",
 "parking_lot_core 0.8.6",
]

[[package]]
name = "parking_lot"
version = "0.12.1"
source = "registry+https://github.com/rust-lang/crates.io-index"
checksum = "3742b2c103b9f06bc9fff0a37ff4912935851bee6d36f3c02bcc755bcfec228f"
dependencies = [
 "lock_api",
 "parking_lot_core 0.9.7",
]

[[package]]
name = "parking_lot_core"
version = "0.8.6"
source = "registry+https://github.com/rust-lang/crates.io-index"
checksum = "60a2cfe6f0ad2bfc16aefa463b497d5c7a5ecd44a23efa72aa342d90177356dc"
dependencies = [
 "cfg-if",
 "instant",
 "libc",
 "redox_syscall",
 "smallvec",
 "winapi",
]

[[package]]
name = "parking_lot_core"
version = "0.9.7"
source = "registry+https://github.com/rust-lang/crates.io-index"
checksum = "9069cbb9f99e3a5083476ccb29ceb1de18b9118cafa53e90c9551235de2b9521"
dependencies = [
 "cfg-if",
 "libc",
 "redox_syscall",
 "smallvec",
 "windows-sys",
]

[[package]]
name = "paste"
version = "1.0.11"
source = "registry+https://github.com/rust-lang/crates.io-index"
checksum = "d01a5bd0424d00070b0098dd17ebca6f961a959dead1dbcbbbc1d1cd8d3deeba"

[[package]]
name = "pci"
version = "0.1.0"
dependencies = [
 "anyhow",
 "byteorder",
 "hypervisor",
 "libc",
 "log",
 "serde",
 "thiserror",
 "versionize",
 "versionize_derive",
 "vfio-bindings",
 "vfio-ioctls",
 "vfio_user",
 "vm-allocator",
 "vm-device",
 "vm-memory",
 "vm-migration",
 "vmm-sys-util",
]

[[package]]
name = "performance-metrics"
version = "0.1.0"
dependencies = [
 "argh",
 "dirs",
 "serde",
 "serde_json",
 "test_infra",
 "thiserror",
 "wait-timeout",
]

[[package]]
name = "pin-project-lite"
version = "0.2.9"
source = "registry+https://github.com/rust-lang/crates.io-index"
checksum = "e0a7ae3ac2f1173085d398531c705756c94a4c56843785df85a60c1a0afac116"

[[package]]
name = "pin-utils"
version = "0.1.0"
source = "registry+https://github.com/rust-lang/crates.io-index"
checksum = "8b870d8c151b6f2fb93e84a13146138f05d02ed11c7e7c54f8826aaaf7c9f184"

[[package]]
name = "pkg-config"
version = "0.3.26"
source = "registry+https://github.com/rust-lang/crates.io-index"
checksum = "6ac9a59f73473f1b8d852421e59e64809f025994837ef743615c6d0c5b305160"

[[package]]
name = "pnet"
version = "0.33.0"
source = "registry+https://github.com/rust-lang/crates.io-index"
checksum = "cd959a8268165518e2bf5546ba84c7b3222744435616381df3c456fe8d983576"
dependencies = [
 "ipnetwork",
 "pnet_base",
 "pnet_datalink",
 "pnet_packet",
 "pnet_sys",
 "pnet_transport",
]

[[package]]
name = "pnet_base"
version = "0.33.0"
source = "registry+https://github.com/rust-lang/crates.io-index"
checksum = "872e46346144ebf35219ccaa64b1dffacd9c6f188cd7d012bd6977a2a838f42e"
dependencies = [
 "no-std-net",
]

[[package]]
name = "pnet_datalink"
version = "0.33.0"
source = "registry+https://github.com/rust-lang/crates.io-index"
checksum = "c302da22118d2793c312a35fb3da6846cb0fab6c3ad53fd67e37809b06cdafce"
dependencies = [
 "ipnetwork",
 "libc",
 "pnet_base",
 "pnet_sys",
 "winapi",
]

[[package]]
name = "pnet_macros"
version = "0.33.0"
source = "registry+https://github.com/rust-lang/crates.io-index"
checksum = "2a780e80005c2e463ec25a6e9f928630049a10b43945fea83207207d4a7606f4"
dependencies = [
 "proc-macro2",
 "quote",
 "regex",
 "syn",
]

[[package]]
name = "pnet_macros_support"
version = "0.33.0"
source = "registry+https://github.com/rust-lang/crates.io-index"
checksum = "e6d932134f32efd7834eb8b16d42418dac87086347d1bc7d142370ef078582bc"
dependencies = [
 "pnet_base",
]

[[package]]
name = "pnet_packet"
version = "0.33.0"
source = "registry+https://github.com/rust-lang/crates.io-index"
checksum = "8bde678bbd85cb1c2d99dc9fc596e57f03aa725f84f3168b0eaf33eeccb41706"
dependencies = [
 "glob",
 "pnet_base",
 "pnet_macros",
 "pnet_macros_support",
]

[[package]]
name = "pnet_sys"
version = "0.33.0"
source = "registry+https://github.com/rust-lang/crates.io-index"
checksum = "faf7a58b2803d818a374be9278a1fe8f88fce14b936afbe225000cfcd9c73f16"
dependencies = [
 "libc",
 "winapi",
]

[[package]]
name = "pnet_transport"
version = "0.33.0"
source = "registry+https://github.com/rust-lang/crates.io-index"
checksum = "813d1c0e4defbe7ee22f6fe1755f122b77bfb5abe77145b1b5baaf463cab9249"
dependencies = [
 "libc",
 "pnet_base",
 "pnet_packet",
 "pnet_sys",
]

[[package]]
name = "proc-macro-error"
version = "1.0.4"
source = "registry+https://github.com/rust-lang/crates.io-index"
checksum = "da25490ff9892aab3fcf7c36f08cfb902dd3e71ca0f9f9517bea02a73a5ce38c"
dependencies = [
 "proc-macro-error-attr",
 "proc-macro2",
 "quote",
 "syn",
 "version_check",
]

[[package]]
name = "proc-macro-error-attr"
version = "1.0.4"
source = "registry+https://github.com/rust-lang/crates.io-index"
checksum = "a1be40180e52ecc98ad80b184934baf3d0d29f979574e439af5a55274b35f869"
dependencies = [
 "proc-macro2",
 "quote",
 "version_check",
]

[[package]]
name = "proc-macro2"
version = "1.0.51"
source = "registry+https://github.com/rust-lang/crates.io-index"
checksum = "5d727cae5b39d21da60fa540906919ad737832fe0b1c165da3a34d6548c849d6"
dependencies = [
 "unicode-ident",
]

[[package]]
name = "qcow"
version = "0.1.0"
dependencies = [
 "byteorder",
 "libc",
 "log",
 "remain",
 "vmm-sys-util",
]

[[package]]
name = "quote"
version = "1.0.23"
source = "registry+https://github.com/rust-lang/crates.io-index"
checksum = "8856d8364d252a14d474036ea1358d63c9e6965c8e5c1885c18f73d70bff9c7b"
dependencies = [
 "proc-macro2",
]

[[package]]
name = "rate_limiter"
version = "0.1.0"
dependencies = [
 "libc",
 "log",
 "vmm-sys-util",
]

[[package]]
name = "redox_syscall"
version = "0.2.16"
source = "registry+https://github.com/rust-lang/crates.io-index"
checksum = "fb5a58c1855b4b6819d59012155603f0b22ad30cad752600aadfcb695265519a"
dependencies = [
 "bitflags",
]

[[package]]
name = "redox_users"
version = "0.4.3"
source = "registry+https://github.com/rust-lang/crates.io-index"
checksum = "b033d837a7cf162d7993aded9304e30a83213c648b6e389db233191f891e5c2b"
dependencies = [
 "getrandom",
 "redox_syscall",
 "thiserror",
]

[[package]]
name = "regex"
version = "1.7.1"
source = "registry+https://github.com/rust-lang/crates.io-index"
checksum = "48aaa5748ba571fb95cd2c85c09f629215d3a6ece942baa100950af03a34f733"
dependencies = [
 "aho-corasick",
 "memchr",
 "regex-syntax",
]

[[package]]
name = "regex-syntax"
version = "0.6.28"
source = "registry+https://github.com/rust-lang/crates.io-index"
checksum = "456c603be3e8d448b072f410900c09faf164fbce2d480456f50eea6e25f9c848"

[[package]]
name = "remain"
version = "0.2.6"
source = "registry+https://github.com/rust-lang/crates.io-index"
checksum = "5704e2cda92fd54202f05430725317ba0ea7d0c96b246ca0a92e45177127ba3b"
dependencies = [
 "proc-macro2",
 "quote",
 "syn",
]

[[package]]
name = "rustc-demangle"
version = "0.1.21"
source = "registry+https://github.com/rust-lang/crates.io-index"
checksum = "7ef03e0a2b150c7a90d01faf6254c9c48a41e95fb2a8c2ac1c6f0d2b9aefc342"

[[package]]
name = "rustc-hash"
version = "1.1.0"
source = "registry+https://github.com/rust-lang/crates.io-index"
checksum = "08d43f7aa6b08d49f382cde6a7982047c3426db949b1424bc4b7ec9ae12c6ce2"

[[package]]
name = "rustc_version"
version = "0.4.0"
source = "registry+https://github.com/rust-lang/crates.io-index"
checksum = "bfa0f585226d2e68097d4f95d113b15b83a82e819ab25717ec0590d9584ef366"
dependencies = [
 "semver",
]

[[package]]
name = "rustix"
version = "0.36.8"
source = "registry+https://github.com/rust-lang/crates.io-index"
checksum = "f43abb88211988493c1abb44a70efa56ff0ce98f233b7b276146f1f3f7ba9644"
dependencies = [
 "bitflags",
 "errno",
 "io-lifetimes",
 "libc",
 "linux-raw-sys",
 "windows-sys",
]

[[package]]
name = "ryu"
version = "1.0.12"
source = "registry+https://github.com/rust-lang/crates.io-index"
checksum = "7b4b9743ed687d4b4bcedf9ff5eaa7398495ae14e61cba0a295704edbc7decde"

[[package]]
name = "scopeguard"
version = "1.1.0"
source = "registry+https://github.com/rust-lang/crates.io-index"
checksum = "d29ab0c6d3fc0ee92fe66e2d99f700eab17a8d57d1c1d3b748380fb20baa78cd"

[[package]]
name = "seccompiler"
version = "0.3.0"
source = "registry+https://github.com/rust-lang/crates.io-index"
checksum = "6f6575e3c2b3a0fe2ef3e53855b6a8dead7c29f783da5e123d378c8c6a89017e"
dependencies = [
 "libc",
]

[[package]]
name = "semver"
version = "1.0.16"
source = "registry+https://github.com/rust-lang/crates.io-index"
checksum = "58bc9567378fc7690d6b2addae4e60ac2eeea07becb2c64b9f218b53865cba2a"

[[package]]
name = "serde"
version = "1.0.152"
source = "registry+https://github.com/rust-lang/crates.io-index"
checksum = "bb7d1f0d3021d347a83e556fc4683dea2ea09d87bccdf88ff5c12545d89d5efb"
dependencies = [
 "serde_derive",
]

[[package]]
name = "serde_derive"
version = "1.0.152"
source = "registry+https://github.com/rust-lang/crates.io-index"
checksum = "af487d118eecd09402d70a5d72551860e788df87b464af30e5ea6a38c75c541e"
dependencies = [
 "proc-macro2",
 "quote",
 "syn",
]

[[package]]
name = "serde_json"
version = "1.0.93"
source = "registry+https://github.com/rust-lang/crates.io-index"
checksum = "cad406b69c91885b5107daf2c29572f6c8cdb3c66826821e286c533490c0bc76"
dependencies = [
 "itoa",
 "ryu",
 "serde",
]

[[package]]
name = "serde_with"
version = "2.2.0"
source = "registry+https://github.com/rust-lang/crates.io-index"
checksum = "30d904179146de381af4c93d3af6ca4984b3152db687dacb9c3c35e86f39809c"
dependencies = [
 "serde",
 "serde_with_macros",
]

[[package]]
name = "serde_with_macros"
version = "2.2.0"
source = "registry+https://github.com/rust-lang/crates.io-index"
checksum = "a1966009f3c05f095697c537312f5415d1e3ed31ce0a56942bac4c771c5c335e"
dependencies = [
 "darling",
 "proc-macro2",
 "quote",
 "syn",
]

[[package]]
name = "serial_buffer"
version = "0.1.0"

[[package]]
name = "signal-hook"
version = "0.3.15"
source = "registry+https://github.com/rust-lang/crates.io-index"
checksum = "732768f1176d21d09e076c23a93123d40bba92d50c4058da34d45c8de8e682b9"
dependencies = [
 "libc",
 "signal-hook-registry",
]

[[package]]
name = "signal-hook-registry"
version = "1.4.1"
source = "registry+https://github.com/rust-lang/crates.io-index"
checksum = "d8229b473baa5980ac72ef434c4415e70c4b5e71b423043adb4ba059f89c99a1"
dependencies = [
 "libc",
]

[[package]]
name = "slab"
version = "0.4.8"
source = "registry+https://github.com/rust-lang/crates.io-index"
checksum = "6528351c9bc8ab22353f9d776db39a20288e8d6c37ef8cfe3317cf875eecfc2d"
dependencies = [
 "autocfg",
]

[[package]]
name = "smallvec"
version = "1.10.0"
source = "registry+https://github.com/rust-lang/crates.io-index"
checksum = "a507befe795404456341dfab10cef66ead4c041f62b8b11bbb92bffe5d0953e0"

[[package]]
name = "ssh2"
version = "0.9.4"
source = "registry+https://github.com/rust-lang/crates.io-index"
checksum = "e7fe461910559f6d5604c3731d00d2aafc4a83d1665922e280f42f9a168d5455"
dependencies = [
 "bitflags",
 "libc",
 "libssh2-sys",
 "parking_lot 0.11.2",
]

[[package]]
name = "strsim"
version = "0.8.0"
source = "registry+https://github.com/rust-lang/crates.io-index"
checksum = "8ea5119cdb4c55b55d432abb513a0429384878c15dde60cc77b1c99de1a95a6a"

[[package]]
name = "strsim"
version = "0.10.0"
source = "registry+https://github.com/rust-lang/crates.io-index"
checksum = "73473c0e59e6d5812c5dfe2a064a6444949f089e20eec9a2e5506596494e4623"

[[package]]
name = "structopt"
version = "0.3.26"
source = "registry+https://github.com/rust-lang/crates.io-index"
checksum = "0c6b5c64445ba8094a6ab0c3cd2ad323e07171012d9c98b0b15651daf1787a10"
dependencies = [
 "clap",
 "lazy_static",
 "structopt-derive",
]

[[package]]
name = "structopt-derive"
version = "0.4.18"
source = "registry+https://github.com/rust-lang/crates.io-index"
checksum = "dcb5ae327f9cc13b68763b5749770cb9e048a99bd9dfdfa58d0cf05d5f64afe0"
dependencies = [
 "heck",
 "proc-macro-error",
 "proc-macro2",
 "quote",
 "syn",
]

[[package]]
name = "syn"
version = "1.0.108"
source = "registry+https://github.com/rust-lang/crates.io-index"
checksum = "d56e159d99e6c2b93995d171050271edb50ecc5288fbc7cc17de8fdce4e58c14"
dependencies = [
 "proc-macro2",
 "quote",
 "unicode-ident",
]

[[package]]
name = "sys-info"
version = "0.9.1"
source = "registry+https://github.com/rust-lang/crates.io-index"
checksum = "0b3a0d0aba8bf96a0e1ddfdc352fc53b3df7f39318c71854910c3c4b024ae52c"
dependencies = [
 "cc",
 "libc",
]

[[package]]
name = "syslog"
version = "6.0.1"
source = "registry+https://github.com/rust-lang/crates.io-index"
checksum = "978044cc68150ad5e40083c9f6a725e6fd02d7ba1bcf691ec2ff0d66c0b41acc"
dependencies = [
 "error-chain",
 "hostname",
 "libc",
 "log",
 "time",
]

[[package]]
name = "termcolor"
version = "1.2.0"
source = "registry+https://github.com/rust-lang/crates.io-index"
checksum = "be55cf8942feac5c765c2c993422806843c9a9a45d4d5c407ad6dd2ea95eb9b6"
dependencies = [
 "winapi-util",
]

[[package]]
name = "test_infra"
version = "0.1.0"
dependencies = [
 "dirs",
 "epoll",
 "libc",
 "once_cell",
 "serde",
 "serde_json",
 "ssh2",
 "vmm-sys-util",
 "wait-timeout",
]

[[package]]
name = "textwrap"
version = "0.11.0"
source = "registry+https://github.com/rust-lang/crates.io-index"
checksum = "d326610f408c7a4eb6f51c37c330e496b08506c9457c9d34287ecc38809fb060"
dependencies = [
 "unicode-width",
]

[[package]]
name = "thiserror"
version = "1.0.38"
source = "registry+https://github.com/rust-lang/crates.io-index"
checksum = "6a9cd18aa97d5c45c6603caea1da6628790b37f7a34b6ca89522331c5180fed0"
dependencies = [
 "thiserror-impl",
]

[[package]]
name = "thiserror-impl"
version = "1.0.38"
source = "registry+https://github.com/rust-lang/crates.io-index"
checksum = "1fb327af4685e4d03fa8cbcf1716380da910eeb2bb8be417e7f9fd3fb164f36f"
dependencies = [
 "proc-macro2",
 "quote",
 "syn",
]

[[package]]
name = "thousands"
version = "0.2.0"
source = "registry+https://github.com/rust-lang/crates.io-index"
checksum = "3bf63baf9f5039dadc247375c29eb13706706cfde997d0330d05aa63a77d8820"

[[package]]
name = "time"
version = "0.3.19"
source = "registry+https://github.com/rust-lang/crates.io-index"
checksum = "53250a3b3fed8ff8fd988587d8925d26a83ac3845d9e03b220b37f34c2b8d6c2"
dependencies = [
 "itoa",
 "libc",
 "num_threads",
 "serde",
 "time-core",
 "time-macros",
]

[[package]]
name = "time-core"
version = "0.1.0"
source = "registry+https://github.com/rust-lang/crates.io-index"
checksum = "2e153e1f1acaef8acc537e68b44906d2db6436e2b35ac2c6b42640fff91f00fd"

[[package]]
name = "time-macros"
version = "0.2.7"
source = "registry+https://github.com/rust-lang/crates.io-index"
checksum = "a460aeb8de6dcb0f381e1ee05f1cd56fcf5a5f6eb8187ff3d8f0b11078d38b7c"
dependencies = [
 "time-core",
]

[[package]]
name = "tpm"
version = "0.1.0"
dependencies = [
 "anyhow",
 "byteorder",
 "libc",
 "log",
 "net_gen",
 "thiserror",
 "vmm-sys-util",
]

[[package]]
name = "tracer"
version = "0.1.0"
dependencies = [
 "libc",
 "log",
 "once_cell",
 "serde",
 "serde_json",
]

[[package]]
name = "unicode-ident"
version = "1.0.6"
source = "registry+https://github.com/rust-lang/crates.io-index"
checksum = "84a22b9f218b40614adcb3f4ff08b703773ad44fa9423e4e0d346d5db86e4ebc"

[[package]]
name = "unicode-segmentation"
version = "1.10.1"
source = "registry+https://github.com/rust-lang/crates.io-index"
checksum = "1dd624098567895118886609431a7c3b8f516e41d30e0643f03d94592a147e36"

[[package]]
name = "unicode-width"
version = "0.1.10"
source = "registry+https://github.com/rust-lang/crates.io-index"
checksum = "c0edd1e5b14653f783770bce4a4dabb4a5108a5370a5f5d8cfe8710c361f6c8b"

[[package]]
name = "uuid"
version = "1.3.0"
source = "registry+https://github.com/rust-lang/crates.io-index"
checksum = "1674845326ee10d37ca60470760d4288a6f80f304007d92e5c53bab78c9cfd79"
dependencies = [
 "getrandom",
]

[[package]]
name = "vcpkg"
version = "0.2.15"
source = "registry+https://github.com/rust-lang/crates.io-index"
checksum = "accd4ea62f7bb7a82fe23066fb0957d48ef677f6eeb8215f372f52e48bb32426"

[[package]]
name = "vec_map"
version = "0.8.2"
source = "registry+https://github.com/rust-lang/crates.io-index"
checksum = "f1bddf1187be692e79c5ffeab891132dfb0f236ed36a43c7ed39f1165ee20191"

[[package]]
name = "version_check"
version = "0.9.4"
source = "registry+https://github.com/rust-lang/crates.io-index"
checksum = "49874b5167b65d7193b8aba1567f5c7d93d001cafc34600cee003eda787e483f"

[[package]]
name = "versionize"
version = "0.1.9"
source = "registry+https://github.com/rust-lang/crates.io-index"
checksum = "d6e2495726cf917e7ba7ec8bf0f0fceab543dd38d0a4195ed6bef331e38a290f"
dependencies = [
 "bincode",
 "crc64",
 "proc-macro2",
 "quote",
 "serde",
 "serde_derive",
 "syn",
 "versionize_derive",
 "vmm-sys-util",
]

[[package]]
name = "versionize_derive"
version = "0.1.4"
source = "git+https://github.com/cloud-hypervisor/versionize_derive?branch=ch#ae35ef7a3ddabd3371ab8ac0193a383aff6e4b1b"
dependencies = [
 "proc-macro2",
 "quote",
 "syn",
]

[[package]]
name = "vfio-bindings"
version = "0.4.0"
source = "git+https://github.com/rust-vmm/vfio?branch=main#ea8f710464a24690ce109e6b7dfaa623dc518304"
dependencies = [
 "vmm-sys-util",
]

[[package]]
name = "vfio-ioctls"
version = "0.2.0"
source = "git+https://github.com/rust-vmm/vfio?branch=main#ea8f710464a24690ce109e6b7dfaa623dc518304"
dependencies = [
 "byteorder",
 "kvm-bindings",
 "kvm-ioctls",
 "libc",
 "log",
 "mshv-bindings",
 "mshv-ioctls",
 "thiserror",
 "vfio-bindings",
 "vm-memory",
 "vmm-sys-util",
]

[[package]]
name = "vfio_user"
version = "0.1.0"
source = "git+https://github.com/rust-vmm/vfio-user?branch=main#afbbd5722885e961ce12baea12efe01d52ce14b0"
dependencies = [
 "bitflags",
 "libc",
 "log",
 "serde",
 "serde_derive",
 "serde_json",
 "thiserror",
 "vfio-bindings",
 "vm-memory",
 "vmm-sys-util",
]

[[package]]
name = "vhdx"
version = "0.1.0"
dependencies = [
 "byteorder",
 "crc32c",
 "libc",
 "log",
 "remain",
 "thiserror",
 "uuid",
]

[[package]]
name = "vhost"
version = "0.6.0"
source = "registry+https://github.com/rust-lang/crates.io-index"
checksum = "c9b791c5b0717a0558888a4cf7240cea836f39a99cb342e12ce633dcaa078072"
dependencies = [
 "bitflags",
 "libc",
 "vm-memory",
 "vmm-sys-util",
]

[[package]]
name = "vhost-user-backend"
version = "0.8.0"
source = "registry+https://github.com/rust-lang/crates.io-index"
checksum = "9f237b91db4ac339d639fb43398b52d785fa51e3c7760ac9425148863c1f4303"
dependencies = [
 "libc",
 "log",
 "vhost",
 "virtio-bindings 0.1.0",
 "virtio-queue",
 "vm-memory",
 "vmm-sys-util",
]

[[package]]
name = "vhost_user_block"
version = "0.1.0"
dependencies = [
 "argh",
 "block_util",
 "env_logger",
 "epoll",
 "libc",
 "log",
 "option_parser",
 "qcow",
 "vhost",
 "vhost-user-backend",
 "virtio-bindings 0.2.0",
 "virtio-queue",
 "vm-memory",
 "vmm-sys-util",
]

[[package]]
name = "vhost_user_net"
version = "0.1.0"
dependencies = [
 "argh",
 "env_logger",
 "epoll",
 "libc",
 "log",
 "net_util",
 "option_parser",
 "vhost",
 "vhost-user-backend",
 "virtio-bindings 0.2.0",
 "vm-memory",
 "vmm-sys-util",
]

[[package]]
name = "virtio-bindings"
version = "0.1.0"
source = "registry+https://github.com/rust-lang/crates.io-index"
checksum = "3ff512178285488516ed85f15b5d0113a7cdb89e9e8a760b269ae4f02b84bd6b"

[[package]]
name = "virtio-bindings"
version = "0.2.0"
source = "registry+https://github.com/rust-lang/crates.io-index"
checksum = "0b9084faf91b9aa9676ae2cac8f1432df2839d9566e6f19f29dbc13a8b831dff"

[[package]]
name = "virtio-devices"
version = "0.1.0"
dependencies = [
 "anyhow",
 "arc-swap",
 "block_util",
 "byteorder",
 "epoll",
 "event_monitor",
 "io-uring",
 "libc",
 "log",
 "net_gen",
 "net_util",
 "pci",
 "rate_limiter",
 "seccompiler",
 "serde",
 "serde_json",
 "serial_buffer",
 "thiserror",
 "versionize",
 "versionize_derive",
 "vhost",
 "virtio-bindings 0.2.0",
 "virtio-queue",
 "virtiofsd",
 "vm-allocator",
 "vm-device",
 "vm-memory",
 "vm-migration",
 "vm-virtio",
 "vmm-sys-util",
]

[[package]]
name = "virtio-queue"
version = "0.7.1"
source = "registry+https://github.com/rust-lang/crates.io-index"
checksum = "3ba81e2bcc21c0d2fc5e6683e79367e26ad219197423a498df801d79d5ba77bd"
dependencies = [
 "log",
 "virtio-bindings 0.1.0",
 "vm-memory",
 "vmm-sys-util",
]

[[package]]
name = "virtiofsd"
version = "1.5.0"
source = "git+https://gitlab.com/HowHsu/virtiofsd?branch=ch_remove_vhost#6b7036ac310ab7e6d2cd769a92681676f58c7348"
dependencies = [
 "bitflags",
 "capng",
 "env_logger",
 "futures",
 "libc",
 "libseccomp-sys",
 "log",
 "structopt",
 "syslog",
 "vhost",
 "vhost-user-backend",
 "virtio-bindings 0.1.0",
 "virtio-queue",
 "vm-memory",
 "vmm-sys-util",
]

[[package]]
name = "vm-allocator"
version = "0.1.0"
dependencies = [
 "arch",
 "libc",
 "vm-memory",
]

[[package]]
name = "vm-device"
version = "0.1.0"
dependencies = [
 "anyhow",
 "hypervisor",
 "serde",
 "thiserror",
 "vfio-ioctls",
 "vm-memory",
 "vmm-sys-util",
]

[[package]]
name = "vm-fdt"
version = "0.2.0"
source = "git+https://github.com/rust-vmm/vm-fdt?branch=main#3709ca63363fc98d708ac9232dce47ee5a3b8f89"

[[package]]
name = "vm-memory"
version = "0.10.0"
source = "registry+https://github.com/rust-lang/crates.io-index"
checksum = "688a70366615b45575a424d9c665561c1b5ab2224d494f706b6a6812911a827c"
dependencies = [
 "arc-swap",
 "libc",
 "winapi",
]

[[package]]
name = "vm-migration"
version = "0.1.0"
dependencies = [
 "anyhow",
 "serde",
 "serde_json",
 "thiserror",
 "versionize",
 "versionize_derive",
 "vm-memory",
]

[[package]]
name = "vm-virtio"
version = "0.1.0"
dependencies = [
 "log",
 "virtio-queue",
 "vm-memory",
]

[[package]]
name = "vmm"
version = "0.1.0"
dependencies = [
 "acpi_tables",
 "anyhow",
 "arc-swap",
 "arch",
 "bitflags",
 "block_util",
 "devices",
 "epoll",
 "event_monitor",
 "gdbstub",
 "gdbstub_arch",
 "hypervisor",
 "libc",
 "linux-loader",
 "log",
 "micro_http",
 "net_util",
 "once_cell",
 "option_parser",
 "pci",
 "qcow",
 "seccompiler",
 "serde",
 "serde_json",
 "serial_buffer",
 "signal-hook",
 "thiserror",
 "tracer",
 "uuid",
 "versionize",
 "versionize_derive",
 "vfio-ioctls",
 "vfio_user",
 "vhdx",
 "virtio-devices",
 "virtio-queue",
 "virtiofsd",
 "vm-allocator",
 "vm-device",
 "vm-memory",
 "vm-migration",
 "vm-virtio",
 "vmm-sys-util",
]

[[package]]
name = "vmm-sys-util"
version = "0.11.1"
source = "registry+https://github.com/rust-lang/crates.io-index"
checksum = "dd64fe09d8e880e600c324e7d664760a17f56e9672b7495a86381b49e4f72f46"
dependencies = [
 "bitflags",
 "libc",
 "serde",
 "serde_derive",
]

[[package]]
name = "wait-timeout"
version = "0.2.0"
source = "registry+https://github.com/rust-lang/crates.io-index"
checksum = "9f200f5b12eb75f8c1ed65abd4b2db8a6e1b138a20de009dacee265a2498f3f6"
dependencies = [
 "libc",
]

[[package]]
name = "wasi"
version = "0.11.0+wasi-snapshot-preview1"
source = "registry+https://github.com/rust-lang/crates.io-index"
checksum = "9c8d87e72b64a3b4db28d11ce29237c246188f4f51057d65a7eab63b7987e423"

[[package]]
name = "winapi"
version = "0.3.9"
source = "registry+https://github.com/rust-lang/crates.io-index"
checksum = "5c839a674fcd7a98952e593242ea400abe93992746761e38641405d28b00f419"
dependencies = [
 "winapi-i686-pc-windows-gnu",
 "winapi-x86_64-pc-windows-gnu",
]

[[package]]
name = "winapi-i686-pc-windows-gnu"
version = "0.4.0"
source = "registry+https://github.com/rust-lang/crates.io-index"
checksum = "ac3b87c63620426dd9b991e5ce0329eff545bccbbb34f3be09ff6fb6ab51b7b6"

[[package]]
name = "winapi-util"
version = "0.1.5"
source = "registry+https://github.com/rust-lang/crates.io-index"
checksum = "70ec6ce85bb158151cae5e5c87f95a8e97d2c0c4b001223f33a334e3ce5de178"
dependencies = [
 "winapi",
]

[[package]]
name = "winapi-x86_64-pc-windows-gnu"
version = "0.4.0"
source = "registry+https://github.com/rust-lang/crates.io-index"
checksum = "712e227841d057c1ee1cd2fb22fa7e5a5461ae8e48fa2ca79ec42cfc1931183f"

[[package]]
name = "windows-sys"
version = "0.45.0"
source = "registry+https://github.com/rust-lang/crates.io-index"
checksum = "75283be5efb2831d37ea142365f009c02ec203cd29a3ebecbc093d52315b66d0"
dependencies = [
 "windows-targets",
]

[[package]]
name = "windows-targets"
version = "0.42.1"
source = "registry+https://github.com/rust-lang/crates.io-index"
checksum = "8e2522491fbfcd58cc84d47aeb2958948c4b8982e9a2d8a2a35bbaed431390e7"
dependencies = [
 "windows_aarch64_gnullvm",
 "windows_aarch64_msvc",
 "windows_i686_gnu",
 "windows_i686_msvc",
 "windows_x86_64_gnu",
 "windows_x86_64_gnullvm",
 "windows_x86_64_msvc",
]

[[package]]
name = "windows_aarch64_gnullvm"
version = "0.42.1"
source = "registry+https://github.com/rust-lang/crates.io-index"
checksum = "8c9864e83243fdec7fc9c5444389dcbbfd258f745e7853198f365e3c4968a608"

[[package]]
name = "windows_aarch64_msvc"
version = "0.42.1"
source = "registry+https://github.com/rust-lang/crates.io-index"
checksum = "4c8b1b673ffc16c47a9ff48570a9d85e25d265735c503681332589af6253c6c7"

[[package]]
name = "windows_i686_gnu"
version = "0.42.1"
source = "registry+https://github.com/rust-lang/crates.io-index"
checksum = "de3887528ad530ba7bdbb1faa8275ec7a1155a45ffa57c37993960277145d640"

[[package]]
name = "windows_i686_msvc"
version = "0.42.1"
source = "registry+https://github.com/rust-lang/crates.io-index"
checksum = "bf4d1122317eddd6ff351aa852118a2418ad4214e6613a50e0191f7004372605"

[[package]]
name = "windows_x86_64_gnu"
version = "0.42.1"
source = "registry+https://github.com/rust-lang/crates.io-index"
checksum = "c1040f221285e17ebccbc2591ffdc2d44ee1f9186324dd3e84e99ac68d699c45"

[[package]]
name = "windows_x86_64_gnullvm"
version = "0.42.1"
source = "registry+https://github.com/rust-lang/crates.io-index"
checksum = "628bfdf232daa22b0d64fdb62b09fcc36bb01f05a3939e20ab73aaf9470d0463"

[[package]]
name = "windows_x86_64_msvc"
version = "0.42.1"
source = "registry+https://github.com/rust-lang/crates.io-index"
checksum = "447660ad36a13288b1db4d4248e857b510e8c3a225c822ba4fb748c0aafecffd"

[[package]]
name = "zerocopy"
version = "0.6.1"
source = "registry+https://github.com/rust-lang/crates.io-index"
checksum = "332f188cc1bcf1fe1064b8c58d150f497e697f49774aa846f2dc949d9a25f236"
dependencies = [
 "byteorder",
 "zerocopy-derive",
]

[[package]]
name = "zerocopy-derive"
version = "0.3.2"
source = "registry+https://github.com/rust-lang/crates.io-index"
checksum = "6505e6815af7de1746a08f69c69606bb45695a17149517680f3b2149713b19a3"
dependencies = [
 "proc-macro2",
 "quote",
 "syn",
]
