[[package]]
name = "ansi_term"
version = "0.9.0"
source = "registry+https://github.com/rust-lang/crates.io-index"

[[package]]
name = "arch"
version = "0.1.0"
dependencies = [
 "arch_gen 0.1.0",
 "byteorder 1.2.1 (registry+https://github.com/rust-lang/crates.io-index)",
 "kvm-bindings 0.1.1 (registry+https://github.com/rust-lang/crates.io-index)",
 "kvm-ioctls 0.1.0 (git+https://github.com/rust-vmm/kvm-ioctls)",
 "libc 0.2.48 (registry+https://github.com/rust-lang/crates.io-index)",
 "vm-memory 0.1.0 (git+https://github.com/rust-vmm/vm-memory)",
]

[[package]]
name = "arch_gen"
version = "0.1.0"

[[package]]
name = "atty"
version = "0.2.11"
source = "registry+https://github.com/rust-lang/crates.io-index"
dependencies = [
 "libc 0.2.48 (registry+https://github.com/rust-lang/crates.io-index)",
 "termion 1.5.1 (registry+https://github.com/rust-lang/crates.io-index)",
 "winapi 0.3.6 (registry+https://github.com/rust-lang/crates.io-index)",
]

[[package]]
name = "bitflags"
version = "0.9.1"
source = "registry+https://github.com/rust-lang/crates.io-index"

[[package]]
name = "bitflags"
version = "1.0.4"
source = "registry+https://github.com/rust-lang/crates.io-index"

[[package]]
name = "byteorder"
version = "1.2.1"
source = "registry+https://github.com/rust-lang/crates.io-index"

[[package]]
name = "cfg-if"
version = "0.1.7"
source = "registry+https://github.com/rust-lang/crates.io-index"

[[package]]
name = "clap"
version = "2.27.1"
source = "registry+https://github.com/rust-lang/crates.io-index"
dependencies = [
 "ansi_term 0.9.0 (registry+https://github.com/rust-lang/crates.io-index)",
 "atty 0.2.11 (registry+https://github.com/rust-lang/crates.io-index)",
 "bitflags 0.9.1 (registry+https://github.com/rust-lang/crates.io-index)",
 "strsim 0.6.0 (registry+https://github.com/rust-lang/crates.io-index)",
 "textwrap 0.9.0 (registry+https://github.com/rust-lang/crates.io-index)",
 "unicode-width 0.1.5 (registry+https://github.com/rust-lang/crates.io-index)",
 "vec_map 0.8.1 (registry+https://github.com/rust-lang/crates.io-index)",
]

[[package]]
name = "cloud-hypervisor"
version = "0.1.0"
dependencies = [
 "clap 2.27.1 (registry+https://github.com/rust-lang/crates.io-index)",
 "vmm 0.1.0",
]

[[package]]
name = "devices"
version = "0.1.0"
dependencies = [
 "byteorder 1.2.1 (registry+https://github.com/rust-lang/crates.io-index)",
 "epoll 4.0.1 (registry+https://github.com/rust-lang/crates.io-index)",
 "libc 0.2.48 (registry+https://github.com/rust-lang/crates.io-index)",
 "vm-memory 0.1.0 (git+https://github.com/rust-vmm/vm-memory)",
 "vmm-sys-util 0.1.0 (git+https://github.com/sameo/vmm-sys-util)",
]

[[package]]
name = "epoll"
version = "4.0.1"
source = "registry+https://github.com/rust-lang/crates.io-index"
dependencies = [
 "bitflags 1.0.4 (registry+https://github.com/rust-lang/crates.io-index)",
 "libc 0.2.48 (registry+https://github.com/rust-lang/crates.io-index)",
]

[[package]]
name = "kvm-bindings"
version = "0.1.1"
source = "registry+https://github.com/rust-lang/crates.io-index"

[[package]]
name = "kvm-ioctls"
version = "0.1.0"
source = "git+https://github.com/rust-vmm/kvm-ioctls#e0d6aefd28097446ee8fcd66160c583f165b5116"
dependencies = [
 "kvm-bindings 0.1.1 (registry+https://github.com/rust-lang/crates.io-index)",
 "libc 0.2.48 (registry+https://github.com/rust-lang/crates.io-index)",
]

[[package]]
name = "libc"
version = "0.2.48"
source = "registry+https://github.com/rust-lang/crates.io-index"

[[package]]
name = "linux-loader"
version = "0.1.0"
source = "git+https://github.com/sameo/linux-loader#f0905480bd9f9aae8b88c63ca5dd6f3469483b65"
dependencies = [
 "vm-memory 0.1.0 (git+https://github.com/rust-vmm/vm-memory)",
]

[[package]]
name = "log"
version = "0.4.6"
source = "registry+https://github.com/rust-lang/crates.io-index"
dependencies = [
 "cfg-if 0.1.7 (registry+https://github.com/rust-lang/crates.io-index)",
]

[[package]]
name = "pci"
version = "0.1.0"
dependencies = [
 "byteorder 1.2.1 (registry+https://github.com/rust-lang/crates.io-index)",
 "devices 0.1.0",
 "kvm-bindings 0.1.1 (registry+https://github.com/rust-lang/crates.io-index)",
 "kvm-ioctls 0.1.0 (git+https://github.com/rust-vmm/kvm-ioctls)",
 "libc 0.2.48 (registry+https://github.com/rust-lang/crates.io-index)",
 "log 0.4.6 (registry+https://github.com/rust-lang/crates.io-index)",
 "vm-allocator 0.1.0",
 "vm-memory 0.1.0 (git+https://github.com/rust-vmm/vm-memory)",
 "vmm-sys-util 0.1.0 (git+https://github.com/sameo/vmm-sys-util)",
]

[[package]]
name = "proc-macro2"
version = "0.4.29"
source = "registry+https://github.com/rust-lang/crates.io-index"
dependencies = [
 "unicode-xid 0.1.0 (registry+https://github.com/rust-lang/crates.io-index)",
]

[[package]]
name = "qcow"
version = "0.1.0"
dependencies = [
 "byteorder 1.2.1 (registry+https://github.com/rust-lang/crates.io-index)",
 "libc 0.2.48 (registry+https://github.com/rust-lang/crates.io-index)",
 "log 0.4.6 (registry+https://github.com/rust-lang/crates.io-index)",
 "remain 0.1.2 (registry+https://github.com/rust-lang/crates.io-index)",
 "vmm-sys-util 0.1.0 (git+https://github.com/sameo/vmm-sys-util)",
]

[[package]]
name = "quote"
version = "0.6.12"
source = "registry+https://github.com/rust-lang/crates.io-index"
dependencies = [
 "proc-macro2 0.4.29 (registry+https://github.com/rust-lang/crates.io-index)",
]

[[package]]
name = "redox_syscall"
version = "0.1.51"
source = "registry+https://github.com/rust-lang/crates.io-index"

[[package]]
name = "redox_termios"
version = "0.1.1"
source = "registry+https://github.com/rust-lang/crates.io-index"
dependencies = [
 "redox_syscall 0.1.51 (registry+https://github.com/rust-lang/crates.io-index)",
]

[[package]]
name = "remain"
version = "0.1.2"
source = "registry+https://github.com/rust-lang/crates.io-index"
dependencies = [
 "proc-macro2 0.4.29 (registry+https://github.com/rust-lang/crates.io-index)",
 "quote 0.6.12 (registry+https://github.com/rust-lang/crates.io-index)",
 "syn 0.15.33 (registry+https://github.com/rust-lang/crates.io-index)",
]

[[package]]
name = "strsim"
version = "0.6.0"
source = "registry+https://github.com/rust-lang/crates.io-index"

[[package]]
name = "syn"
version = "0.15.33"
source = "registry+https://github.com/rust-lang/crates.io-index"
dependencies = [
 "proc-macro2 0.4.29 (registry+https://github.com/rust-lang/crates.io-index)",
 "quote 0.6.12 (registry+https://github.com/rust-lang/crates.io-index)",
 "unicode-xid 0.1.0 (registry+https://github.com/rust-lang/crates.io-index)",
]

[[package]]
name = "termion"
version = "1.5.1"
source = "registry+https://github.com/rust-lang/crates.io-index"
dependencies = [
 "libc 0.2.48 (registry+https://github.com/rust-lang/crates.io-index)",
 "redox_syscall 0.1.51 (registry+https://github.com/rust-lang/crates.io-index)",
 "redox_termios 0.1.1 (registry+https://github.com/rust-lang/crates.io-index)",
]

[[package]]
name = "textwrap"
version = "0.9.0"
source = "registry+https://github.com/rust-lang/crates.io-index"
dependencies = [
 "unicode-width 0.1.5 (registry+https://github.com/rust-lang/crates.io-index)",
]

[[package]]
name = "unicode-width"
version = "0.1.5"
source = "registry+https://github.com/rust-lang/crates.io-index"

[[package]]
name = "unicode-xid"
version = "0.1.0"
source = "registry+https://github.com/rust-lang/crates.io-index"

[[package]]
name = "vec_map"
version = "0.8.1"
source = "registry+https://github.com/rust-lang/crates.io-index"

[[package]]
name = "vm-allocator"
version = "0.1.0"
dependencies = [
 "libc 0.2.48 (registry+https://github.com/rust-lang/crates.io-index)",
 "vm-memory 0.1.0 (git+https://github.com/rust-vmm/vm-memory)",
]

[[package]]
name = "vm-memory"
version = "0.1.0"
source = "git+https://github.com/rust-vmm/vm-memory#08b24bf6245459f14226f52f19f91ad9648ad8e6"
dependencies = [
 "libc 0.2.48 (registry+https://github.com/rust-lang/crates.io-index)",
]

[[package]]
name = "vmm"
version = "0.1.0"
dependencies = [
 "arch 0.1.0",
 "devices 0.1.0",
 "epoll 4.0.1 (registry+https://github.com/rust-lang/crates.io-index)",
 "kvm-bindings 0.1.1 (registry+https://github.com/rust-lang/crates.io-index)",
 "kvm-ioctls 0.1.0 (git+https://github.com/rust-vmm/kvm-ioctls)",
 "libc 0.2.48 (registry+https://github.com/rust-lang/crates.io-index)",
 "linux-loader 0.1.0 (git+https://github.com/sameo/linux-loader)",
 "pci 0.1.0",
 "qcow 0.1.0",
 "vm-memory 0.1.0 (git+https://github.com/rust-vmm/vm-memory)",
 "vmm-sys-util 0.1.0 (git+https://github.com/sameo/vmm-sys-util)",
]

[[package]]
name = "vmm-sys-util"
version = "0.1.0"
source = "git+https://github.com/sameo/vmm-sys-util#766db444eb9ac315ce7139dff9f56e6e9fd2471f"
dependencies = [
 "libc 0.2.48 (registry+https://github.com/rust-lang/crates.io-index)",
]

[[package]]
name = "winapi"
version = "0.3.6"
source = "registry+https://github.com/rust-lang/crates.io-index"
dependencies = [
 "winapi-i686-pc-windows-gnu 0.4.0 (registry+https://github.com/rust-lang/crates.io-index)",
 "winapi-x86_64-pc-windows-gnu 0.4.0 (registry+https://github.com/rust-lang/crates.io-index)",
]

[[package]]
name = "winapi-i686-pc-windows-gnu"
version = "0.4.0"
source = "registry+https://github.com/rust-lang/crates.io-index"

[[package]]
name = "winapi-x86_64-pc-windows-gnu"
version = "0.4.0"
source = "registry+https://github.com/rust-lang/crates.io-index"

[metadata]
"checksum ansi_term 0.9.0 (registry+https://github.com/rust-lang/crates.io-index)" = "23ac7c30002a5accbf7e8987d0632fa6de155b7c3d39d0067317a391e00a2ef6"
"checksum atty 0.2.11 (registry+https://github.com/rust-lang/crates.io-index)" = "9a7d5b8723950951411ee34d271d99dddcc2035a16ab25310ea2c8cfd4369652"
"checksum bitflags 0.9.1 (registry+https://github.com/rust-lang/crates.io-index)" = "4efd02e230a02e18f92fc2735f44597385ed02ad8f831e7c1c1156ee5e1ab3a5"
"checksum bitflags 1.0.4 (registry+https://github.com/rust-lang/crates.io-index)" = "228047a76f468627ca71776ecdebd732a3423081fcf5125585bcd7c49886ce12"
"checksum byteorder 1.2.1 (registry+https://github.com/rust-lang/crates.io-index)" = "652805b7e73fada9d85e9a6682a4abd490cb52d96aeecc12e33a0de34dfd0d23"
"checksum cfg-if 0.1.7 (registry+https://github.com/rust-lang/crates.io-index)" = "11d43355396e872eefb45ce6342e4374ed7bc2b3a502d1b28e36d6e23c05d1f4"
"checksum clap 2.27.1 (registry+https://github.com/rust-lang/crates.io-index)" = "1b8c532887f1a292d17de05ae858a8fe50a301e196f9ef0ddb7ccd0d1d00f180"
"checksum epoll 4.0.1 (registry+https://github.com/rust-lang/crates.io-index)" = "f3f0680f2a6f2a17fa7a8668a27c54e45e1ad1cf8a632f56a7c19b9e4e3bbe8a"
"checksum kvm-bindings 0.1.1 (registry+https://github.com/rust-lang/crates.io-index)" = "c223e8703d2eb76d990c5f58e29c85b0f6f50e24b823babde927948e7c71fc03"
"checksum kvm-ioctls 0.1.0 (git+https://github.com/rust-vmm/kvm-ioctls)" = "<none>"
"checksum libc 0.2.48 (registry+https://github.com/rust-lang/crates.io-index)" = "e962c7641008ac010fa60a7dfdc1712449f29c44ef2d4702394aea943ee75047"
"checksum linux-loader 0.1.0 (git+https://github.com/sameo/linux-loader)" = "<none>"
"checksum log 0.4.6 (registry+https://github.com/rust-lang/crates.io-index)" = "c84ec4b527950aa83a329754b01dbe3f58361d1c5efacd1f6d68c494d08a17c6"
"checksum proc-macro2 0.4.29 (registry+https://github.com/rust-lang/crates.io-index)" = "64c827cea7a7ab30ce4593e5e04d7a11617ad6ece2fa230605a78b00ff965316"
"checksum quote 0.6.12 (registry+https://github.com/rust-lang/crates.io-index)" = "faf4799c5d274f3868a4aae320a0a182cbd2baee377b378f080e16a23e9d80db"
"checksum redox_syscall 0.1.51 (registry+https://github.com/rust-lang/crates.io-index)" = "423e376fffca3dfa06c9e9790a9ccd282fafb3cc6e6397d01dbf64f9bacc6b85"
"checksum redox_termios 0.1.1 (registry+https://github.com/rust-lang/crates.io-index)" = "7e891cfe48e9100a70a3b6eb652fef28920c117d366339687bd5576160db0f76"
"checksum remain 0.1.2 (registry+https://github.com/rust-lang/crates.io-index)" = "3bec2543b50be4539fdc27fde082e218cf4c3895358ca77f5c52fe930589e209"
"checksum strsim 0.6.0 (registry+https://github.com/rust-lang/crates.io-index)" = "b4d15c810519a91cf877e7e36e63fe068815c678181439f2f29e2562147c3694"
"checksum syn 0.15.33 (registry+https://github.com/rust-lang/crates.io-index)" = "ec52cd796e5f01d0067225a5392e70084acc4c0013fa71d55166d38a8b307836"
"checksum termion 1.5.1 (registry+https://github.com/rust-lang/crates.io-index)" = "689a3bdfaab439fd92bc87df5c4c78417d3cbe537487274e9b0b2dce76e92096"
"checksum textwrap 0.9.0 (registry+https://github.com/rust-lang/crates.io-index)" = "c0b59b6b4b44d867f1370ef1bd91bfb262bf07bf0ae65c202ea2fbc16153b693"
"checksum unicode-width 0.1.5 (registry+https://github.com/rust-lang/crates.io-index)" = "882386231c45df4700b275c7ff55b6f3698780a650026380e72dabe76fa46526"
"checksum unicode-xid 0.1.0 (registry+https://github.com/rust-lang/crates.io-index)" = "fc72304796d0818e357ead4e000d19c9c174ab23dc11093ac919054d20a6a7fc"
"checksum vec_map 0.8.1 (registry+https://github.com/rust-lang/crates.io-index)" = "05c78687fb1a80548ae3250346c3db86a80a7cdd77bda190189f2d0a0987c81a"
"checksum vm-memory 0.1.0 (git+https://github.com/rust-vmm/vm-memory)" = "<none>"
"checksum vmm-sys-util 0.1.0 (git+https://github.com/sameo/vmm-sys-util)" = "<none>"
"checksum winapi 0.3.6 (registry+https://github.com/rust-lang/crates.io-index)" = "92c1eb33641e276cfa214a0522acad57be5c56b10cb348b3c5117db75f3ac4b0"
"checksum winapi-i686-pc-windows-gnu 0.4.0 (registry+https://github.com/rust-lang/crates.io-index)" = "ac3b87c63620426dd9b991e5ce0329eff545bccbbb34f3be09ff6fb6ab51b7b6"
"checksum winapi-x86_64-pc-windows-gnu 0.4.0 (registry+https://github.com/rust-lang/crates.io-index)" = "712e227841d057c1ee1cd2fb22fa7e5a5461ae8e48fa2ca79ec42cfc1931183f"
