# This file is automatically @generated by Cargo.
# It is not intended for manual editing.
version = 3

[[package]]
name = "acpi_tables"
version = "0.1.0"
dependencies = [
 "vm-memory",
]

[[package]]
name = "ansi_term"
version = "0.11.0"
source = "registry+https://github.com/rust-lang/crates.io-index"
checksum = "ee49baf6cb617b853aa8d93bf420db2383fab46d314482ca2803b40d5fde979b"
dependencies = [
 "winapi",
]

[[package]]
name = "anyhow"
version = "1.0.40"
source = "registry+https://github.com/rust-lang/crates.io-index"
checksum = "28b2cd92db5cbd74e8e5028f7e27dd7aa3090e89e4f2a197cc7c8dfb69c7063b"

[[package]]
name = "api_client"
version = "0.1.0"

[[package]]
name = "arbitrary"
version = "1.0.1"
source = "registry+https://github.com/rust-lang/crates.io-index"
checksum = "237430fd6ed3740afe94eefcc278ae21e050285be882804e0d6e8695f0c94691"

[[package]]
name = "arc-swap"
version = "1.3.0"
source = "registry+https://github.com/rust-lang/crates.io-index"
checksum = "e906254e445520903e7fc9da4f709886c84ae4bc4ddaf0e093188d66df4dc820"

[[package]]
name = "arch"
version = "0.1.0"
dependencies = [
 "acpi_tables",
 "anyhow",
 "byteorder",
 "hypervisor",
 "libc",
 "linux-loader",
 "log",
 "serde",
 "serde_derive",
 "serde_json",
 "thiserror",
 "vm-fdt",
 "vm-memory",
 "vm-migration",
]

[[package]]
name = "atty"
version = "0.2.14"
source = "registry+https://github.com/rust-lang/crates.io-index"
checksum = "d9b39be18770d11421cdb1b9947a45dd3f37e93092cbf377614828a319d5fee8"
dependencies = [
 "hermit-abi",
 "libc",
 "winapi",
]

[[package]]
name = "bincode"
version = "1.3.3"
source = "registry+https://github.com/rust-lang/crates.io-index"
checksum = "b1f45e9417d87227c7a56d22e471c6206462cba514c7590c09aff4cf6d1ddcad"
dependencies = [
 "serde",
]

[[package]]
name = "bitflags"
version = "1.2.1"
source = "registry+https://github.com/rust-lang/crates.io-index"
checksum = "cf1de2fe8c75bc145a2f577add951f8134889b4795d47466a54a5c846d691693"

[[package]]
name = "block_util"
version = "0.1.0"
dependencies = [
 "io-uring",
 "libc",
 "log",
 "qcow",
 "thiserror",
 "versionize",
 "versionize_derive",
 "virtio-bindings",
 "vm-memory",
 "vm-virtio",
 "vmm-sys-util",
]

[[package]]
name = "byteorder"
version = "1.4.3"
source = "registry+https://github.com/rust-lang/crates.io-index"
checksum = "14c189c53d098945499cdfa7ecc63567cf3886b3332b312a5b4585d8d3a6a610"

[[package]]
name = "cc"
version = "1.0.68"
source = "registry+https://github.com/rust-lang/crates.io-index"
checksum = "4a72c244c1ff497a746a7e1fb3d14bd08420ecda70c8f25c7112f2781652d787"

[[package]]
name = "cfg-if"
version = "1.0.0"
source = "registry+https://github.com/rust-lang/crates.io-index"
checksum = "baf1de4339761588bc0619e3cbc0120ee582ebb74b53b4efbf79117bd2da40fd"

[[package]]
name = "clap"
version = "2.33.3"
source = "registry+https://github.com/rust-lang/crates.io-index"
checksum = "37e58ac78573c40708d45522f0d80fa2f01cc4f9b4e2bf749807255454312002"
dependencies = [
 "ansi_term",
 "atty",
 "bitflags",
 "strsim",
 "term_size",
 "textwrap",
 "unicode-width",
 "vec_map",
]

[[package]]
name = "cloud-hypervisor"
version = "15.0.0"
dependencies = [
 "anyhow",
 "api_client",
 "clap",
 "epoll",
 "event_monitor",
 "hypervisor",
 "libc",
 "log",
 "option_parser",
 "seccomp",
 "serde_json",
 "signal-hook",
 "thiserror",
 "vm-memory",
 "vmm",
 "vmm-sys-util",
]

[[package]]
name = "cloud-hypervisor-fuzz"
version = "0.0.0"
dependencies = [
 "block_util",
 "cloud-hypervisor",
 "libc",
 "libfuzzer-sys",
 "qcow",
 "seccomp",
 "virtio-devices",
 "vm-memory",
 "vm-virtio",
 "vmm-sys-util",
]

[[package]]
name = "crc64"
version = "1.0.0"
source = "registry+https://github.com/rust-lang/crates.io-index"
checksum = "55626594feae15d266d52440b26ff77de0e22230cf0c113abe619084c1ddc910"

[[package]]
name = "devices"
version = "0.1.0"
dependencies = [
 "acpi_tables",
 "anyhow",
 "arch",
 "bitflags",
 "byteorder",
 "epoll",
 "libc",
 "log",
 "versionize",
 "versionize_derive",
 "vm-device",
 "vm-memory",
 "vm-migration",
 "vmm-sys-util",
]

[[package]]
name = "epoll"
version = "4.3.1"
source = "registry+https://github.com/rust-lang/crates.io-index"
checksum = "20df693c700404f7e19d4d6fae6b15215d2913c27955d2b9d6f2c0f537511cd0"
dependencies = [
 "bitflags",
 "libc",
]

[[package]]
name = "event_monitor"
version = "0.1.0"
dependencies = [
 "libc",
 "serde",
 "serde_derive",
 "serde_json",
]

[[package]]
name = "hermit-abi"
version = "0.1.18"
source = "registry+https://github.com/rust-lang/crates.io-index"
checksum = "322f4de77956e22ed0e5032c359a0f1273f1f7f0d79bfa3b8ffbc730d7fbcc5c"
dependencies = [
 "libc",
]

[[package]]
name = "hypervisor"
version = "0.1.0"
dependencies = [
 "anyhow",
 "epoll",
 "iced-x86",
 "kvm-bindings",
 "kvm-ioctls",
 "libc",
 "log",
 "serde",
 "serde_derive",
 "serde_json",
 "thiserror",
 "vm-memory",
 "vmm-sys-util",
]

[[package]]
name = "iced-x86"
version = "1.11.3"
source = "registry+https://github.com/rust-lang/crates.io-index"
checksum = "6d907dfc273d9ed0da940e8145ceb77759056a1fb2110b44b83d1b203cddb906"
dependencies = [
 "lazy_static",
 "static_assertions",
]

[[package]]
name = "io-uring"
version = "0.5.1"
source = "registry+https://github.com/rust-lang/crates.io-index"
checksum = "fb82832e05cc4ca298f198a8db108837b4f7b7b1248e3cba8e48f151aece80cf"
dependencies = [
 "bitflags",
 "libc",
]

[[package]]
name = "itoa"
version = "0.4.7"
source = "registry+https://github.com/rust-lang/crates.io-index"
checksum = "dd25036021b0de88a0aff6b850051563c6516d0bf53f8638938edbb9de732736"

[[package]]
name = "kvm-bindings"
version = "0.4.0"
source = "git+https://github.com/cloud-hypervisor/kvm-bindings?branch=ch-v0.4.0#1a68725639283e622f4bb64584885b30bfe8be44"
dependencies = [
 "serde",
 "serde_derive",
 "vmm-sys-util",
]

[[package]]
name = "kvm-ioctls"
version = "0.9.0"
source = "registry+https://github.com/rust-lang/crates.io-index"
checksum = "f2924454e22895c738e43331ae310459c74a11ded9c97dc250129ee10d2f9ca2"
dependencies = [
 "kvm-bindings",
 "libc",
 "vmm-sys-util",
]

[[package]]
name = "lazy_static"
version = "1.4.0"
source = "registry+https://github.com/rust-lang/crates.io-index"
checksum = "e2abad23fbc42b3700f2f279844dc832adb2b2eb069b2df918f455c4e18cc646"

[[package]]
name = "libc"
version = "0.2.95"
source = "registry+https://github.com/rust-lang/crates.io-index"
checksum = "789da6d93f1b866ffe175afc5322a4d76c038605a1c3319bb57b06967ca98a36"

[[package]]
name = "libfuzzer-sys"
version = "0.4.1"
source = "registry+https://github.com/rust-lang/crates.io-index"
checksum = "8a9dc6556604b8ad76486563d5a47fad989b643932fa006e76e23d948bef0f5b"
dependencies = [
 "arbitrary",
 "cc",
]

[[package]]
name = "linux-loader"
version = "0.3.0"
source = "registry+https://github.com/rust-lang/crates.io-index"
checksum = "c819cc8275b0f2c1ed9feec455ca288b45d82932384a6a5f7a86812ee3427459"
dependencies = [
 "vm-memory",
]

[[package]]
name = "log"
version = "0.4.14"
source = "registry+https://github.com/rust-lang/crates.io-index"
checksum = "51b9bbe6c47d51fc3e1a9b945965946b4c44142ab8792c50835a980d362c2710"
dependencies = [
 "cfg-if",
]

[[package]]
name = "micro_http"
version = "0.1.0"
source = "git+https://github.com/firecracker-microvm/micro-http?branch=main#9b605a8b61df602cda62076d30d9f70307ea336f"
dependencies = [
 "libc",
 "vmm-sys-util",
]

[[package]]
name = "net_gen"
version = "0.1.0"
dependencies = [
 "vmm-sys-util",
]

[[package]]
name = "net_util"
version = "0.1.0"
dependencies = [
 "epoll",
 "libc",
 "log",
 "net_gen",
 "rate_limiter",
 "serde",
 "versionize",
 "versionize_derive",
 "virtio-bindings",
 "vm-memory",
 "vm-virtio",
 "vmm-sys-util",
]

[[package]]
name = "option_parser"
version = "0.1.0"

[[package]]
name = "pci"
version = "0.1.0"
dependencies = [
 "anyhow",
 "byteorder",
 "hypervisor",
 "libc",
 "log",
 "serde",
 "serde_derive",
 "serde_json",
 "vfio-bindings",
 "vfio-ioctls",
 "vm-allocator",
 "vm-device",
 "vm-memory",
 "vm-migration",
 "vmm-sys-util",
]

[[package]]
name = "proc-macro2"
version = "1.0.27"
source = "registry+https://github.com/rust-lang/crates.io-index"
checksum = "f0d8caf72986c1a598726adc988bb5984792ef84f5ee5aa50209145ee8077038"
dependencies = [
 "unicode-xid",
]

[[package]]
name = "qcow"
version = "0.1.0"
dependencies = [
 "byteorder",
 "libc",
 "log",
 "remain",
 "vmm-sys-util",
]

[[package]]
name = "quote"
version = "1.0.9"
source = "registry+https://github.com/rust-lang/crates.io-index"
checksum = "c3d0b9745dc2debf507c8422de05d7226cc1f0644216dfdfead988f9b1ab32a7"
dependencies = [
 "proc-macro2",
]

[[package]]
name = "rate_limiter"
version = "0.1.0"
dependencies = [
 "libc",
 "log",
 "vmm-sys-util",
]

[[package]]
name = "remain"
version = "0.2.2"
source = "registry+https://github.com/rust-lang/crates.io-index"
checksum = "70ba1e78fa68412cb93ef642fd4d20b9a941be49ee9333875ebaf13112673ea7"
dependencies = [
 "proc-macro2",
 "quote",
 "syn",
]

[[package]]
name = "ryu"
version = "1.0.5"
source = "registry+https://github.com/rust-lang/crates.io-index"
checksum = "71d301d4193d031abdd79ff7e3dd721168a9572ef3fe51a1517aba235bd8f86e"

[[package]]
name = "seccomp"
version = "0.1.0"
source = "git+https://github.com/firecracker-microvm/firecracker?tag=v0.24.3#9f447fe65c1c549ef7b0abe863428fa33ffe5f79"
dependencies = [
 "libc",
]

[[package]]
name = "serde"
version = "1.0.126"
source = "registry+https://github.com/rust-lang/crates.io-index"
checksum = "ec7505abeacaec74ae4778d9d9328fe5a5d04253220a85c4ee022239fc996d03"

[[package]]
name = "serde_derive"
version = "1.0.126"
source = "registry+https://github.com/rust-lang/crates.io-index"
checksum = "963a7dbc9895aeac7ac90e74f34a5d5261828f79df35cbed41e10189d3804d43"
dependencies = [
 "proc-macro2",
 "quote",
 "syn",
]

[[package]]
name = "serde_json"
version = "1.0.64"
source = "registry+https://github.com/rust-lang/crates.io-index"
checksum = "799e97dc9fdae36a5c8b8f2cae9ce2ee9fdce2058c57a93e6099d919fd982f79"
dependencies = [
 "itoa",
 "ryu",
 "serde",
]

[[package]]
name = "signal-hook"
version = "0.3.8"
source = "registry+https://github.com/rust-lang/crates.io-index"
checksum = "ef33d6d0cd06e0840fba9985aab098c147e67e05cee14d412d3345ed14ff30ac"
dependencies = [
 "libc",
 "signal-hook-registry",
]

[[package]]
name = "signal-hook-registry"
version = "1.3.0"
source = "registry+https://github.com/rust-lang/crates.io-index"
checksum = "16f1d0fef1604ba8f7a073c7e701f213e056707210e9020af4528e0101ce11a6"
dependencies = [
 "libc",
]

[[package]]
name = "static_assertions"
version = "1.1.0"
source = "registry+https://github.com/rust-lang/crates.io-index"
checksum = "a2eb9349b6444b326872e140eb1cf5e7c522154d69e7a0ffb0fb81c06b37543f"

[[package]]
name = "strsim"
version = "0.8.0"
source = "registry+https://github.com/rust-lang/crates.io-index"
checksum = "8ea5119cdb4c55b55d432abb513a0429384878c15dde60cc77b1c99de1a95a6a"

[[package]]
name = "syn"
version = "1.0.72"
source = "registry+https://github.com/rust-lang/crates.io-index"
checksum = "a1e8cdbefb79a9a5a65e0db8b47b723ee907b7c7f8496c76a1770b5c310bab82"
dependencies = [
 "proc-macro2",
 "quote",
 "unicode-xid",
]

[[package]]
name = "term_size"
version = "0.3.2"
source = "registry+https://github.com/rust-lang/crates.io-index"
checksum = "1e4129646ca0ed8f45d09b929036bafad5377103edd06e50bf574b353d2b08d9"
dependencies = [
 "libc",
 "winapi",
]

[[package]]
name = "textwrap"
version = "0.11.0"
source = "registry+https://github.com/rust-lang/crates.io-index"
checksum = "d326610f408c7a4eb6f51c37c330e496b08506c9457c9d34287ecc38809fb060"
dependencies = [
 "term_size",
 "unicode-width",
]

[[package]]
name = "thiserror"
version = "1.0.25"
source = "registry+https://github.com/rust-lang/crates.io-index"
checksum = "fa6f76457f59514c7eeb4e59d891395fab0b2fd1d40723ae737d64153392e9c6"
dependencies = [
 "thiserror-impl",
]

[[package]]
name = "thiserror-impl"
version = "1.0.25"
source = "registry+https://github.com/rust-lang/crates.io-index"
checksum = "8a36768c0fbf1bb15eca10defa29526bda730a2376c2ab4393ccfa16fb1a318d"
dependencies = [
 "proc-macro2",
 "quote",
 "syn",
]

[[package]]
name = "unicode-width"
version = "0.1.8"
source = "registry+https://github.com/rust-lang/crates.io-index"
checksum = "9337591893a19b88d8d87f2cec1e73fad5cdfd10e5a6f349f498ad6ea2ffb1e3"

[[package]]
name = "unicode-xid"
version = "0.2.2"
source = "registry+https://github.com/rust-lang/crates.io-index"
checksum = "8ccb82d61f80a663efe1f787a51b16b5a51e3314d6ac365b08639f52387b33f3"

[[package]]
name = "vec_map"
version = "0.8.2"
source = "registry+https://github.com/rust-lang/crates.io-index"
checksum = "f1bddf1187be692e79c5ffeab891132dfb0f236ed36a43c7ed39f1165ee20191"

[[package]]
name = "versionize"
version = "0.1.6"
source = "registry+https://github.com/rust-lang/crates.io-index"
checksum = "7429cf68de8f091b667d27323ed323afd39584a56d533995b12ddd748e5e6ca9"
dependencies = [
 "bincode",
 "crc64",
 "proc-macro2",
 "quote",
 "serde",
 "serde_derive",
 "syn",
 "versionize_derive",
 "vmm-sys-util",
]

[[package]]
name = "versionize_derive"
version = "0.1.4"
source = "registry+https://github.com/rust-lang/crates.io-index"
checksum = "140aa9fd298f667ea50fa1cb0d8530076924079285c623b18b8f8a1c28386b4a"
dependencies = [
 "proc-macro2",
 "quote",
 "syn",
]

[[package]]
name = "vfio-bindings"
version = "0.2.0"
source = "registry+https://github.com/rust-lang/crates.io-index"
checksum = "4a21f546f2bda37f5a8cfb138c87f95b8e34d2d78d6a7a92ba3785f4e08604a7"
dependencies = [
 "vmm-sys-util",
]

[[package]]
name = "vfio-ioctls"
version = "0.1.0"
source = "git+https://github.com/rust-vmm/vfio-ioctls?branch=master#5cb8550556620546e74b9fe6d1174e0d1fc83888"
dependencies = [
 "byteorder",
 "kvm-bindings",
 "kvm-ioctls",
 "log",
 "vfio-bindings",
 "vm-memory",
 "vmm-sys-util",
]

[[package]]
name = "vhost"
version = "0.1.0"
source = "git+https://github.com/rust-vmm/vhost?branch=master#e5b930b73a47cbdd79858e2e68bcb57123d1c1f3"
dependencies = [
 "bitflags",
 "libc",
 "vmm-sys-util",
]

[[package]]
name = "virtio-bindings"
version = "0.1.0"
source = "registry+https://github.com/rust-lang/crates.io-index"
checksum = "3ff512178285488516ed85f15b5d0113a7cdb89e9e8a760b269ae4f02b84bd6b"

[[package]]
name = "virtio-devices"
version = "0.1.0"
dependencies = [
 "anyhow",
 "arc-swap",
 "block_util",
 "byteorder",
 "epoll",
 "event_monitor",
 "io-uring",
 "libc",
 "log",
 "net_gen",
 "net_util",
 "pci",
 "rate_limiter",
 "seccomp",
 "serde",
 "serde_derive",
 "serde_json",
 "versionize",
 "versionize_derive",
 "vhost",
 "virtio-bindings",
 "vm-allocator",
 "vm-device",
 "vm-memory",
 "vm-migration",
 "vm-virtio",
 "vmm-sys-util",
]

[[package]]
name = "vm-allocator"
version = "0.1.0"
dependencies = [
 "arch",
 "libc",
 "vm-memory",
]

[[package]]
name = "vm-device"
version = "0.1.0"
dependencies = [
 "anyhow",
 "serde",
 "serde_derive",
 "serde_json",
 "thiserror",
 "vfio-ioctls",
 "vm-memory",
 "vmm-sys-util",
]

[[package]]
name = "vm-fdt"
version = "0.1.0"
source = "git+https://github.com/rust-vmm/vm-fdt?branch=master#13ab882e2f8387753064351c69fbe35c422b448b"

[[package]]
name = "vm-memory"
version = "0.5.0"
source = "registry+https://github.com/rust-lang/crates.io-index"
checksum = "625f401b1b8b3ac3d43f53903cd138cfe840bd985f8581e553027b31d2bb8ae8"
dependencies = [
 "arc-swap",
 "libc",
 "winapi",
]

[[package]]
name = "vm-migration"
version = "0.1.0"
dependencies = [
 "anyhow",
 "serde",
 "serde_derive",
 "serde_json",
 "thiserror",
 "versionize",
 "versionize_derive",
 "vm-memory",
]

[[package]]
name = "vm-virtio"
version = "0.1.0"
dependencies = [
 "log",
 "serde",
 "serde_derive",
 "serde_json",
 "virtio-bindings",
 "vm-memory",
]

[[package]]
name = "vmm"
version = "0.1.0"
dependencies = [
 "acpi_tables",
 "anyhow",
 "arc-swap",
 "arch",
 "bitflags",
 "block_util",
 "clap",
 "devices",
 "epoll",
 "event_monitor",
 "hypervisor",
 "lazy_static",
 "libc",
 "linux-loader",
 "log",
 "micro_http",
 "net_util",
 "option_parser",
 "pci",
 "qcow",
 "seccomp",
 "serde",
 "serde_derive",
 "serde_json",
 "signal-hook",
 "thiserror",
 "versionize",
 "versionize_derive",
 "vfio-ioctls",
 "virtio-devices",
 "vm-allocator",
 "vm-device",
 "vm-memory",
 "vm-migration",
 "vm-virtio",
 "vmm-sys-util",
]

[[package]]
name = "vmm-sys-util"
version = "0.8.0"
source = "registry+https://github.com/rust-lang/crates.io-index"
checksum = "01cf11afbc4ebc0d5c7a7748a77d19e2042677fc15faa2f4ccccb27c18a60605"
dependencies = [
 "bitflags",
 "libc",
 "serde",
 "serde_derive",
]

[[package]]
name = "winapi"
version = "0.3.9"
source = "registry+https://github.com/rust-lang/crates.io-index"
checksum = "5c839a674fcd7a98952e593242ea400abe93992746761e38641405d28b00f419"
dependencies = [
 "winapi-i686-pc-windows-gnu",
 "winapi-x86_64-pc-windows-gnu",
]

[[package]]
name = "winapi-i686-pc-windows-gnu"
version = "0.4.0"
source = "registry+https://github.com/rust-lang/crates.io-index"
checksum = "ac3b87c63620426dd9b991e5ce0329eff545bccbbb34f3be09ff6fb6ab51b7b6"

[[package]]
name = "winapi-x86_64-pc-windows-gnu"
version = "0.4.0"
source = "registry+https://github.com/rust-lang/crates.io-index"
checksum = "712e227841d057c1ee1cd2fb22fa7e5a5461ae8e48fa2ca79ec42cfc1931183f"
